// !$*UTF8*$!
{
	archiveVersion = 1;
	classes = {
	};
	objectVersion = 50;
	objects = {

/* Begin PBXBuildFile section */
		753F5D595D59548CC1AF1909 /* Pods_InPlayerSDK.framework in Frameworks */ = {isa = PBXBuildFile; fileRef = 89DF19FEC807CF03559464F9 /* Pods_InPlayerSDK.framework */; };
		A73211D0223AD06E00452C15 /* InPlayerCustomerAccessItem.swift in Sources */ = {isa = PBXBuildFile; fileRef = A73211CF223AD06E00452C15 /* InPlayerCustomerAccessItem.swift */; };
		A73211D6223AD42300452C15 /* InPlayerPurchaseHistory.swift in Sources */ = {isa = PBXBuildFile; fileRef = A73211D5223AD42300452C15 /* InPlayerPurchaseHistory.swift */; };
		A73211DA223C0D7E00452C15 /* InPlayerRegisterField.swift in Sources */ = {isa = PBXBuildFile; fileRef = A73211D9223C0D7E00452C15 /* InPlayerRegisterField.swift */; };
		A73211DC223C11B500452C15 /* Subscription.swift in Sources */ = {isa = PBXBuildFile; fileRef = A73211DB223C11B500452C15 /* Subscription.swift */; };
		A73211E1223C138E00452C15 /* INPSubscriptionService.swift in Sources */ = {isa = PBXBuildFile; fileRef = A73211E0223C138E00452C15 /* INPSubscriptionService.swift */; };
		A73211E3223C182200452C15 /* InPlayerSubscriptionList.swift in Sources */ = {isa = PBXBuildFile; fileRef = A73211E2223C182200452C15 /* InPlayerSubscriptionList.swift */; };
		A73211E5223C1A8800452C15 /* InPlayerSubscription.swift in Sources */ = {isa = PBXBuildFile; fileRef = A73211E4223C1A8800452C15 /* InPlayerSubscription.swift */; };
		A73211E7224006AC00452C15 /* InPlayerRegisterFieldsResponse.swift in Sources */ = {isa = PBXBuildFile; fileRef = A73211E6224006AC00452C15 /* InPlayerRegisterFieldsResponse.swift */; };
		A73211E922400B5700452C15 /* InPlayerFieldCountry.swift in Sources */ = {isa = PBXBuildFile; fileRef = A73211E822400B5700452C15 /* InPlayerFieldCountry.swift */; };
		A73211EB2240114C00452C15 /* countries.json in Resources */ = {isa = PBXBuildFile; fileRef = A73211EA2240114C00452C15 /* countries.json */; };
		A741EAA921F7799B00290AFD /* InPlayer+Configuration.swift in Sources */ = {isa = PBXBuildFile; fileRef = A741EAA821F7799B00290AFD /* InPlayer+Configuration.swift */; };
		A741EAAB21F77A8700290AFD /* InPlayerEnvironmentType.swift in Sources */ = {isa = PBXBuildFile; fileRef = A741EAAA21F77A8700290AFD /* InPlayerEnvironmentType.swift */; };
		A75DE418227097B20057B2A7 /* InPlayerSocialUrlResponse.swift in Sources */ = {isa = PBXBuildFile; fileRef = A75DE417227097B20057B2A7 /* InPlayerSocialUrlResponse.swift */; };
		A77950FD228032AF003D112A /* InPlayerSDK.podspec in Resources */ = {isa = PBXBuildFile; fileRef = A77950FC228032AE003D112A /* InPlayerSDK.podspec */; };
		A7A690D0227B8C600039AB59 /* InPlayerMalformedUrlError.swift in Sources */ = {isa = PBXBuildFile; fileRef = A7A690CF227B8C600039AB59 /* InPlayerMalformedUrlError.swift */; };
		A7A690D4227C9CB20039AB59 /* InPlayerSocialUrl.swift in Sources */ = {isa = PBXBuildFile; fileRef = A7A690D3227C9CB20039AB59 /* InPlayerSocialUrl.swift */; };
		A7A690D6227CB0C20039AB59 /* NotificationNameExt.swift in Sources */ = {isa = PBXBuildFile; fileRef = A7A690D5227CB0C10039AB59 /* NotificationNameExt.swift */; };
		A7C4C8912270A92200EF6CF4 /* StringExt.swift in Sources */ = {isa = PBXBuildFile; fileRef = A7C4C8902270A92200EF6CF4 /* StringExt.swift */; };
		A7C4C8932270A97400EF6CF4 /* DictionaryExt.swift in Sources */ = {isa = PBXBuildFile; fileRef = A7C4C8922270A97400EF6CF4 /* DictionaryExt.swift */; };
		A7EA961921F5018600CDA238 /* InPlayerSDK.framework in Frameworks */ = {isa = PBXBuildFile; fileRef = A7EA960F21F5018600CDA238 /* InPlayerSDK.framework */; };
		A7EA966821F501F000CDA238 /* Configuration.swift in Sources */ = {isa = PBXBuildFile; fileRef = A7EA962C21F501F000CDA238 /* Configuration.swift */; };
		A7EA966A21F501F000CDA238 /* UserDefaultsExt.swift in Sources */ = {isa = PBXBuildFile; fileRef = A7EA962F21F501F000CDA238 /* UserDefaultsExt.swift */; };
		A7EA966B21F501F000CDA238 /* DataDecodeExt.swift in Sources */ = {isa = PBXBuildFile; fileRef = A7EA963021F501F000CDA238 /* DataDecodeExt.swift */; };
		A7EA966C21F501F000CDA238 /* DateExt.swift in Sources */ = {isa = PBXBuildFile; fileRef = A7EA963121F501F000CDA238 /* DateExt.swift */; };
		A7EA966D21F501F000CDA238 /* InPlayer.swift in Sources */ = {isa = PBXBuildFile; fileRef = A7EA963221F501F000CDA238 /* InPlayer.swift */; };
		A7EA966F21F501F000CDA238 /* Asset.swift in Sources */ = {isa = PBXBuildFile; fileRef = A7EA963621F501F000CDA238 /* Asset.swift */; };
		A7EA967021F501F000CDA238 /* INPAPIConfiguration.swift in Sources */ = {isa = PBXBuildFile; fileRef = A7EA963721F501F000CDA238 /* INPAPIConfiguration.swift */; };
		A7EA967121F501F000CDA238 /* NetworkDataSource.swift in Sources */ = {isa = PBXBuildFile; fileRef = A7EA963821F501F000CDA238 /* NetworkDataSource.swift */; };
		A7EA967321F501F000CDA238 /* InPlayerAccessControlType.swift in Sources */ = {isa = PBXBuildFile; fileRef = A7EA963C21F501F000CDA238 /* InPlayerAccessControlType.swift */; };
		A7EA967421F501F000CDA238 /* InPlayerAccessFee.swift in Sources */ = {isa = PBXBuildFile; fileRef = A7EA963D21F501F000CDA238 /* InPlayerAccessFee.swift */; };
		A7EA967521F501F000CDA238 /* InPlayerTrialPeriod.swift in Sources */ = {isa = PBXBuildFile; fileRef = A7EA963E21F501F000CDA238 /* InPlayerTrialPeriod.swift */; };
		A7EA967621F501F000CDA238 /* InPlayerSetupFee.swift in Sources */ = {isa = PBXBuildFile; fileRef = A7EA963F21F501F000CDA238 /* InPlayerSetupFee.swift */; };
		A7EA967721F501F000CDA238 /* InPlayerAccessType.swift in Sources */ = {isa = PBXBuildFile; fileRef = A7EA964021F501F000CDA238 /* InPlayerAccessType.swift */; };
		A7EA967821F501F000CDA238 /* InPlayerItemType.swift in Sources */ = {isa = PBXBuildFile; fileRef = A7EA964121F501F000CDA238 /* InPlayerItemType.swift */; };
		A7EA967921F501F000CDA238 /* InPlayerItemAccess.swift in Sources */ = {isa = PBXBuildFile; fileRef = A7EA964221F501F000CDA238 /* InPlayerItemAccess.swift */; };
		A7EA967A21F501F000CDA238 /* InPlayerItemMetadata.swift in Sources */ = {isa = PBXBuildFile; fileRef = A7EA964321F501F000CDA238 /* InPlayerItemMetadata.swift */; };
		A7EA967B21F501F000CDA238 /* InPlayerItem.swift in Sources */ = {isa = PBXBuildFile; fileRef = A7EA964421F501F000CDA238 /* InPlayerItem.swift */; };
		A7EA967C21F501F000CDA238 /* InPlayerAccount.swift in Sources */ = {isa = PBXBuildFile; fileRef = A7EA964621F501F000CDA238 /* InPlayerAccount.swift */; };
		A7EA967D21F501F000CDA238 /* InPlayerCredentials.swift in Sources */ = {isa = PBXBuildFile; fileRef = A7EA964721F501F000CDA238 /* InPlayerCredentials.swift */; };
		A7EA967E21F501F000CDA238 /* InPlayerAuthorization.swift in Sources */ = {isa = PBXBuildFile; fileRef = A7EA964821F501F000CDA238 /* InPlayerAuthorization.swift */; };
		A7EA967F21F501F000CDA238 /* INPAuthHandler.swift in Sources */ = {isa = PBXBuildFile; fileRef = A7EA964921F501F000CDA238 /* INPAuthHandler.swift */; };
		A7EA968021F501F000CDA238 /* InPlayerSessionAPIManager.swift in Sources */ = {isa = PBXBuildFile; fileRef = A7EA964A21F501F000CDA238 /* InPlayerSessionAPIManager.swift */; };
		A7EA968121F501F000CDA238 /* InPlayerHttpError.swift in Sources */ = {isa = PBXBuildFile; fileRef = A7EA964C21F501F000CDA238 /* InPlayerHttpError.swift */; };
		A7EA968221F501F000CDA238 /* InPlayerUnknownError.swift in Sources */ = {isa = PBXBuildFile; fileRef = A7EA964D21F501F000CDA238 /* InPlayerUnknownError.swift */; };
		A7EA968321F501F000CDA238 /* InPlayerErrorMapper.swift in Sources */ = {isa = PBXBuildFile; fileRef = A7EA964E21F501F000CDA238 /* InPlayerErrorMapper.swift */; };
		A7EA968421F501F000CDA238 /* InPlayerInvalidResponseError.swift in Sources */ = {isa = PBXBuildFile; fileRef = A7EA964F21F501F000CDA238 /* InPlayerInvalidResponseError.swift */; };
		A7EA968521F501F000CDA238 /* InPlayerUnauthorizedError.swift in Sources */ = {isa = PBXBuildFile; fileRef = A7EA965021F501F000CDA238 /* InPlayerUnauthorizedError.swift */; };
		A7EA968721F501F000CDA238 /* Account.swift in Sources */ = {isa = PBXBuildFile; fileRef = A7EA965321F501F000CDA238 /* Account.swift */; };
		A7EA968821F501F000CDA238 /* NetworkConstants.swift in Sources */ = {isa = PBXBuildFile; fileRef = A7EA965421F501F000CDA238 /* NetworkConstants.swift */; };
		A7EA968A21F501F000CDA238 /* Notification.swift in Sources */ = {isa = PBXBuildFile; fileRef = A7EA965721F501F000CDA238 /* Notification.swift */; };
		A7EA968B21F501F000CDA238 /* NotificationNetworkConstants.swift in Sources */ = {isa = PBXBuildFile; fileRef = A7EA965921F501F000CDA238 /* NotificationNetworkConstants.swift */; };
		A7EA968C21F501F000CDA238 /* InPlayerNotification.swift in Sources */ = {isa = PBXBuildFile; fileRef = A7EA965B21F501F000CDA238 /* InPlayerNotification.swift */; };
		A7EA968D21F501F000CDA238 /* InPlayerAwsKey.swift in Sources */ = {isa = PBXBuildFile; fileRef = A7EA965C21F501F000CDA238 /* InPlayerAwsKey.swift */; };
		A7EA968E21F501F000CDA238 /* InPlayerItemRevoked.swift in Sources */ = {isa = PBXBuildFile; fileRef = A7EA965D21F501F000CDA238 /* InPlayerItemRevoked.swift */; };
		A7EA968F21F501F000CDA238 /* INPNotificationService.swift in Sources */ = {isa = PBXBuildFile; fileRef = A7EA965E21F501F000CDA238 /* INPNotificationService.swift */; };
		A7EA969021F501F000CDA238 /* InPlayerNotificationAPIManager.swift in Sources */ = {isa = PBXBuildFile; fileRef = A7EA965F21F501F000CDA238 /* InPlayerNotificationAPIManager.swift */; };
		A7EA969321F501F000CDA238 /* PaymentNetworkConstants.swift in Sources */ = {isa = PBXBuildFile; fileRef = A7EA966421F501F000CDA238 /* PaymentNetworkConstants.swift */; };
		A7EA969521F501F000CDA238 /* InPlayerSDK.h in Headers */ = {isa = PBXBuildFile; fileRef = A7EA966621F501F000CDA238 /* InPlayerSDK.h */; settings = {ATTRIBUTES = (Public, ); }; };
		A7EA96BF21F50F4900CDA238 /* Alamofire.framework in Frameworks */ = {isa = PBXBuildFile; fileRef = A7EA96BE21F50F4900CDA238 /* Alamofire.framework */; };
		A7EA96C121F50F4900CDA238 /* AWSCore.framework in Frameworks */ = {isa = PBXBuildFile; fileRef = A7EA96C021F50F4900CDA238 /* AWSCore.framework */; };
		A7EA96C321F50F4900CDA238 /* AWSIoT.framework in Frameworks */ = {isa = PBXBuildFile; fileRef = A7EA96C221F50F4900CDA238 /* AWSIoT.framework */; };
		A7EA96D221F52B6900CDA238 /* InPlayerConstants.swift in Sources */ = {isa = PBXBuildFile; fileRef = A7EA96D121F52B6900CDA238 /* InPlayerConstants.swift */; };
		A7EA96D421F52B8400CDA238 /* INPAssetService.swift in Sources */ = {isa = PBXBuildFile; fileRef = A7EA96D321F52B8400CDA238 /* INPAssetService.swift */; };
		A7EA96D621F52BD500CDA238 /* INPAccountService.swift in Sources */ = {isa = PBXBuildFile; fileRef = A7EA96D521F52BD500CDA238 /* INPAccountService.swift */; };
		A7EA96DE21F52C0000CDA238 /* INPAWSManager.swift in Sources */ = {isa = PBXBuildFile; fileRef = A7EA96DC21F52C0000CDA238 /* INPAWSManager.swift */; };
		A7EA96DF21F52C0000CDA238 /* INPCredentialProvider.swift in Sources */ = {isa = PBXBuildFile; fileRef = A7EA96DD21F52C0000CDA238 /* INPCredentialProvider.swift */; };
		A7EA96E121F52C9600CDA238 /* INPPaymentService.swift in Sources */ = {isa = PBXBuildFile; fileRef = A7EA96E021F52C9600CDA238 /* INPPaymentService.swift */; };
		A7EA96E321F52C9B00CDA238 /* Payment.swift in Sources */ = {isa = PBXBuildFile; fileRef = A7EA96E221F52C9B00CDA238 /* Payment.swift */; };
		AE78318204C5D4AB92444129 /* Pods_InPlayerSDKTests.framework in Frameworks */ = {isa = PBXBuildFile; fileRef = 0E319CEC0D79078C0D82AB59 /* Pods_InPlayerSDKTests.framework */; };
/* End PBXBuildFile section */

/* Begin PBXContainerItemProxy section */
		A7EA961A21F5018600CDA238 /* PBXContainerItemProxy */ = {
			isa = PBXContainerItemProxy;
			containerPortal = A7EA960621F5018600CDA238 /* Project object */;
			proxyType = 1;
			remoteGlobalIDString = A7EA960E21F5018600CDA238;
			remoteInfo = InPlayerSDK;
		};
/* End PBXContainerItemProxy section */

/* Begin PBXFileReference section */
		0E319CEC0D79078C0D82AB59 /* Pods_InPlayerSDKTests.framework */ = {isa = PBXFileReference; explicitFileType = wrapper.framework; includeInIndex = 0; path = Pods_InPlayerSDKTests.framework; sourceTree = BUILT_PRODUCTS_DIR; };
		493AD11768B042FEE6A80E5A /* Pods-InPlayerSDKTests.release.xcconfig */ = {isa = PBXFileReference; includeInIndex = 1; lastKnownFileType = text.xcconfig; name = "Pods-InPlayerSDKTests.release.xcconfig"; path = "Pods/Target Support Files/Pods-InPlayerSDKTests/Pods-InPlayerSDKTests.release.xcconfig"; sourceTree = "<group>"; };
		7399A4B1E02D4CE231AFD515 /* Pods-InPlayerSDK.release.xcconfig */ = {isa = PBXFileReference; includeInIndex = 1; lastKnownFileType = text.xcconfig; name = "Pods-InPlayerSDK.release.xcconfig"; path = "Pods/Target Support Files/Pods-InPlayerSDK/Pods-InPlayerSDK.release.xcconfig"; sourceTree = "<group>"; };
		863B37A5E53B1B204C406696 /* Pods-InPlayerSDKTests.debug.xcconfig */ = {isa = PBXFileReference; includeInIndex = 1; lastKnownFileType = text.xcconfig; name = "Pods-InPlayerSDKTests.debug.xcconfig"; path = "Pods/Target Support Files/Pods-InPlayerSDKTests/Pods-InPlayerSDKTests.debug.xcconfig"; sourceTree = "<group>"; };
		89DF19FEC807CF03559464F9 /* Pods_InPlayerSDK.framework */ = {isa = PBXFileReference; explicitFileType = wrapper.framework; includeInIndex = 0; path = Pods_InPlayerSDK.framework; sourceTree = BUILT_PRODUCTS_DIR; };
		A42AFBEAB4A1A9893C497B3B /* Pods-InPlayerSDK.debug.xcconfig */ = {isa = PBXFileReference; includeInIndex = 1; lastKnownFileType = text.xcconfig; name = "Pods-InPlayerSDK.debug.xcconfig"; path = "Pods/Target Support Files/Pods-InPlayerSDK/Pods-InPlayerSDK.debug.xcconfig"; sourceTree = "<group>"; };
		A73211CF223AD06E00452C15 /* InPlayerCustomerAccessItem.swift */ = {isa = PBXFileReference; lastKnownFileType = sourcecode.swift; path = InPlayerCustomerAccessItem.swift; sourceTree = "<group>"; };
		A73211D5223AD42300452C15 /* InPlayerPurchaseHistory.swift */ = {isa = PBXFileReference; lastKnownFileType = sourcecode.swift; path = InPlayerPurchaseHistory.swift; sourceTree = "<group>"; };
		A73211D9223C0D7E00452C15 /* InPlayerRegisterField.swift */ = {isa = PBXFileReference; lastKnownFileType = sourcecode.swift; path = InPlayerRegisterField.swift; sourceTree = "<group>"; };
		A73211DB223C11B500452C15 /* Subscription.swift */ = {isa = PBXFileReference; lastKnownFileType = sourcecode.swift; path = Subscription.swift; sourceTree = "<group>"; };
		A73211E0223C138E00452C15 /* INPSubscriptionService.swift */ = {isa = PBXFileReference; lastKnownFileType = sourcecode.swift; path = INPSubscriptionService.swift; sourceTree = "<group>"; };
		A73211E2223C182200452C15 /* InPlayerSubscriptionList.swift */ = {isa = PBXFileReference; lastKnownFileType = sourcecode.swift; path = InPlayerSubscriptionList.swift; sourceTree = "<group>"; };
		A73211E4223C1A8800452C15 /* InPlayerSubscription.swift */ = {isa = PBXFileReference; lastKnownFileType = sourcecode.swift; path = InPlayerSubscription.swift; sourceTree = "<group>"; };
		A73211E6224006AC00452C15 /* InPlayerRegisterFieldsResponse.swift */ = {isa = PBXFileReference; lastKnownFileType = sourcecode.swift; path = InPlayerRegisterFieldsResponse.swift; sourceTree = "<group>"; };
		A73211E822400B5700452C15 /* InPlayerFieldCountry.swift */ = {isa = PBXFileReference; lastKnownFileType = sourcecode.swift; path = InPlayerFieldCountry.swift; sourceTree = "<group>"; };
		A73211EA2240114C00452C15 /* countries.json */ = {isa = PBXFileReference; fileEncoding = 4; lastKnownFileType = text.json; path = countries.json; sourceTree = "<group>"; };
		A741EAA821F7799B00290AFD /* InPlayer+Configuration.swift */ = {isa = PBXFileReference; lastKnownFileType = sourcecode.swift; path = "InPlayer+Configuration.swift"; sourceTree = "<group>"; };
		A741EAAA21F77A8700290AFD /* InPlayerEnvironmentType.swift */ = {isa = PBXFileReference; lastKnownFileType = sourcecode.swift; path = InPlayerEnvironmentType.swift; sourceTree = "<group>"; };
		A75DE417227097B20057B2A7 /* InPlayerSocialUrlResponse.swift */ = {isa = PBXFileReference; lastKnownFileType = sourcecode.swift; path = InPlayerSocialUrlResponse.swift; sourceTree = "<group>"; };
		A77950FC228032AE003D112A /* InPlayerSDK.podspec */ = {isa = PBXFileReference; fileEncoding = 4; lastKnownFileType = text; path = InPlayerSDK.podspec; sourceTree = SOURCE_ROOT; xcLanguageSpecificationIdentifier = xcode.lang.ruby; };
		A7A690CF227B8C600039AB59 /* InPlayerMalformedUrlError.swift */ = {isa = PBXFileReference; lastKnownFileType = sourcecode.swift; path = InPlayerMalformedUrlError.swift; sourceTree = "<group>"; };
		A7A690D3227C9CB20039AB59 /* InPlayerSocialUrl.swift */ = {isa = PBXFileReference; lastKnownFileType = sourcecode.swift; path = InPlayerSocialUrl.swift; sourceTree = "<group>"; };
		A7A690D5227CB0C10039AB59 /* NotificationNameExt.swift */ = {isa = PBXFileReference; lastKnownFileType = sourcecode.swift; path = NotificationNameExt.swift; sourceTree = "<group>"; };
		A7C4C8902270A92200EF6CF4 /* StringExt.swift */ = {isa = PBXFileReference; lastKnownFileType = sourcecode.swift; path = StringExt.swift; sourceTree = "<group>"; };
		A7C4C8922270A97400EF6CF4 /* DictionaryExt.swift */ = {isa = PBXFileReference; lastKnownFileType = sourcecode.swift; path = DictionaryExt.swift; sourceTree = "<group>"; };
		A7EA960F21F5018600CDA238 /* InPlayerSDK.framework */ = {isa = PBXFileReference; explicitFileType = wrapper.framework; includeInIndex = 0; path = InPlayerSDK.framework; sourceTree = BUILT_PRODUCTS_DIR; };
		A7EA961821F5018600CDA238 /* InPlayerSDKTests.xctest */ = {isa = PBXFileReference; explicitFileType = wrapper.cfbundle; includeInIndex = 0; path = InPlayerSDKTests.xctest; sourceTree = BUILT_PRODUCTS_DIR; };
		A7EA962C21F501F000CDA238 /* Configuration.swift */ = {isa = PBXFileReference; fileEncoding = 4; lastKnownFileType = sourcecode.swift; path = Configuration.swift; sourceTree = "<group>"; };
		A7EA962F21F501F000CDA238 /* UserDefaultsExt.swift */ = {isa = PBXFileReference; fileEncoding = 4; lastKnownFileType = sourcecode.swift; path = UserDefaultsExt.swift; sourceTree = "<group>"; };
		A7EA963021F501F000CDA238 /* DataDecodeExt.swift */ = {isa = PBXFileReference; fileEncoding = 4; lastKnownFileType = sourcecode.swift; path = DataDecodeExt.swift; sourceTree = "<group>"; };
		A7EA963121F501F000CDA238 /* DateExt.swift */ = {isa = PBXFileReference; fileEncoding = 4; lastKnownFileType = sourcecode.swift; path = DateExt.swift; sourceTree = "<group>"; };
		A7EA963221F501F000CDA238 /* InPlayer.swift */ = {isa = PBXFileReference; fileEncoding = 4; lastKnownFileType = sourcecode.swift; path = InPlayer.swift; sourceTree = "<group>"; };
		A7EA963621F501F000CDA238 /* Asset.swift */ = {isa = PBXFileReference; fileEncoding = 4; lastKnownFileType = sourcecode.swift; path = Asset.swift; sourceTree = "<group>"; };
		A7EA963721F501F000CDA238 /* INPAPIConfiguration.swift */ = {isa = PBXFileReference; fileEncoding = 4; lastKnownFileType = sourcecode.swift; path = INPAPIConfiguration.swift; sourceTree = "<group>"; };
		A7EA963821F501F000CDA238 /* NetworkDataSource.swift */ = {isa = PBXFileReference; fileEncoding = 4; lastKnownFileType = sourcecode.swift; path = NetworkDataSource.swift; sourceTree = "<group>"; };
		A7EA963C21F501F000CDA238 /* InPlayerAccessControlType.swift */ = {isa = PBXFileReference; fileEncoding = 4; lastKnownFileType = sourcecode.swift; path = InPlayerAccessControlType.swift; sourceTree = "<group>"; };
		A7EA963D21F501F000CDA238 /* InPlayerAccessFee.swift */ = {isa = PBXFileReference; fileEncoding = 4; lastKnownFileType = sourcecode.swift; path = InPlayerAccessFee.swift; sourceTree = "<group>"; };
		A7EA963E21F501F000CDA238 /* InPlayerTrialPeriod.swift */ = {isa = PBXFileReference; fileEncoding = 4; lastKnownFileType = sourcecode.swift; path = InPlayerTrialPeriod.swift; sourceTree = "<group>"; };
		A7EA963F21F501F000CDA238 /* InPlayerSetupFee.swift */ = {isa = PBXFileReference; fileEncoding = 4; lastKnownFileType = sourcecode.swift; path = InPlayerSetupFee.swift; sourceTree = "<group>"; };
		A7EA964021F501F000CDA238 /* InPlayerAccessType.swift */ = {isa = PBXFileReference; fileEncoding = 4; lastKnownFileType = sourcecode.swift; path = InPlayerAccessType.swift; sourceTree = "<group>"; };
		A7EA964121F501F000CDA238 /* InPlayerItemType.swift */ = {isa = PBXFileReference; fileEncoding = 4; lastKnownFileType = sourcecode.swift; path = InPlayerItemType.swift; sourceTree = "<group>"; };
		A7EA964221F501F000CDA238 /* InPlayerItemAccess.swift */ = {isa = PBXFileReference; fileEncoding = 4; lastKnownFileType = sourcecode.swift; path = InPlayerItemAccess.swift; sourceTree = "<group>"; };
		A7EA964321F501F000CDA238 /* InPlayerItemMetadata.swift */ = {isa = PBXFileReference; fileEncoding = 4; lastKnownFileType = sourcecode.swift; path = InPlayerItemMetadata.swift; sourceTree = "<group>"; };
		A7EA964421F501F000CDA238 /* InPlayerItem.swift */ = {isa = PBXFileReference; fileEncoding = 4; lastKnownFileType = sourcecode.swift; path = InPlayerItem.swift; sourceTree = "<group>"; };
		A7EA964621F501F000CDA238 /* InPlayerAccount.swift */ = {isa = PBXFileReference; fileEncoding = 4; lastKnownFileType = sourcecode.swift; path = InPlayerAccount.swift; sourceTree = "<group>"; };
		A7EA964721F501F000CDA238 /* InPlayerCredentials.swift */ = {isa = PBXFileReference; fileEncoding = 4; lastKnownFileType = sourcecode.swift; path = InPlayerCredentials.swift; sourceTree = "<group>"; };
		A7EA964821F501F000CDA238 /* InPlayerAuthorization.swift */ = {isa = PBXFileReference; fileEncoding = 4; lastKnownFileType = sourcecode.swift; path = InPlayerAuthorization.swift; sourceTree = "<group>"; };
		A7EA964921F501F000CDA238 /* INPAuthHandler.swift */ = {isa = PBXFileReference; fileEncoding = 4; lastKnownFileType = sourcecode.swift; path = INPAuthHandler.swift; sourceTree = "<group>"; };
		A7EA964A21F501F000CDA238 /* InPlayerSessionAPIManager.swift */ = {isa = PBXFileReference; fileEncoding = 4; lastKnownFileType = sourcecode.swift; path = InPlayerSessionAPIManager.swift; sourceTree = "<group>"; };
		A7EA964C21F501F000CDA238 /* InPlayerHttpError.swift */ = {isa = PBXFileReference; fileEncoding = 4; lastKnownFileType = sourcecode.swift; path = InPlayerHttpError.swift; sourceTree = "<group>"; };
		A7EA964D21F501F000CDA238 /* InPlayerUnknownError.swift */ = {isa = PBXFileReference; fileEncoding = 4; lastKnownFileType = sourcecode.swift; path = InPlayerUnknownError.swift; sourceTree = "<group>"; };
		A7EA964E21F501F000CDA238 /* InPlayerErrorMapper.swift */ = {isa = PBXFileReference; fileEncoding = 4; lastKnownFileType = sourcecode.swift; path = InPlayerErrorMapper.swift; sourceTree = "<group>"; };
		A7EA964F21F501F000CDA238 /* InPlayerInvalidResponseError.swift */ = {isa = PBXFileReference; fileEncoding = 4; lastKnownFileType = sourcecode.swift; path = InPlayerInvalidResponseError.swift; sourceTree = "<group>"; };
		A7EA965021F501F000CDA238 /* InPlayerUnauthorizedError.swift */ = {isa = PBXFileReference; fileEncoding = 4; lastKnownFileType = sourcecode.swift; path = InPlayerUnauthorizedError.swift; sourceTree = "<group>"; };
		A7EA965321F501F000CDA238 /* Account.swift */ = {isa = PBXFileReference; fileEncoding = 4; lastKnownFileType = sourcecode.swift; path = Account.swift; sourceTree = "<group>"; };
		A7EA965421F501F000CDA238 /* NetworkConstants.swift */ = {isa = PBXFileReference; fileEncoding = 4; lastKnownFileType = sourcecode.swift; path = NetworkConstants.swift; sourceTree = "<group>"; };
		A7EA965721F501F000CDA238 /* Notification.swift */ = {isa = PBXFileReference; fileEncoding = 4; lastKnownFileType = sourcecode.swift; path = Notification.swift; sourceTree = "<group>"; };
		A7EA965921F501F000CDA238 /* NotificationNetworkConstants.swift */ = {isa = PBXFileReference; fileEncoding = 4; lastKnownFileType = sourcecode.swift; path = NotificationNetworkConstants.swift; sourceTree = "<group>"; };
		A7EA965B21F501F000CDA238 /* InPlayerNotification.swift */ = {isa = PBXFileReference; fileEncoding = 4; lastKnownFileType = sourcecode.swift; path = InPlayerNotification.swift; sourceTree = "<group>"; };
		A7EA965C21F501F000CDA238 /* InPlayerAwsKey.swift */ = {isa = PBXFileReference; fileEncoding = 4; lastKnownFileType = sourcecode.swift; path = InPlayerAwsKey.swift; sourceTree = "<group>"; };
		A7EA965D21F501F000CDA238 /* InPlayerItemRevoked.swift */ = {isa = PBXFileReference; fileEncoding = 4; lastKnownFileType = sourcecode.swift; path = InPlayerItemRevoked.swift; sourceTree = "<group>"; };
		A7EA965E21F501F000CDA238 /* INPNotificationService.swift */ = {isa = PBXFileReference; fileEncoding = 4; lastKnownFileType = sourcecode.swift; path = INPNotificationService.swift; sourceTree = "<group>"; };
		A7EA965F21F501F000CDA238 /* InPlayerNotificationAPIManager.swift */ = {isa = PBXFileReference; fileEncoding = 4; lastKnownFileType = sourcecode.swift; path = InPlayerNotificationAPIManager.swift; sourceTree = "<group>"; };
		A7EA966421F501F000CDA238 /* PaymentNetworkConstants.swift */ = {isa = PBXFileReference; fileEncoding = 4; lastKnownFileType = sourcecode.swift; path = PaymentNetworkConstants.swift; sourceTree = "<group>"; };
		A7EA966621F501F000CDA238 /* InPlayerSDK.h */ = {isa = PBXFileReference; fileEncoding = 4; lastKnownFileType = sourcecode.c.h; path = InPlayerSDK.h; sourceTree = "<group>"; };
		A7EA966721F501F000CDA238 /* Info.plist */ = {isa = PBXFileReference; fileEncoding = 4; lastKnownFileType = text.plist.xml; path = Info.plist; sourceTree = "<group>"; };
		A7EA96BE21F50F4900CDA238 /* Alamofire.framework */ = {isa = PBXFileReference; explicitFileType = wrapper.framework; path = Alamofire.framework; sourceTree = BUILT_PRODUCTS_DIR; };
		A7EA96C021F50F4900CDA238 /* AWSCore.framework */ = {isa = PBXFileReference; explicitFileType = wrapper.framework; path = AWSCore.framework; sourceTree = BUILT_PRODUCTS_DIR; };
		A7EA96C221F50F4900CDA238 /* AWSIoT.framework */ = {isa = PBXFileReference; explicitFileType = wrapper.framework; path = AWSIoT.framework; sourceTree = BUILT_PRODUCTS_DIR; };
		A7EA96D121F52B6900CDA238 /* InPlayerConstants.swift */ = {isa = PBXFileReference; fileEncoding = 4; lastKnownFileType = sourcecode.swift; path = InPlayerConstants.swift; sourceTree = "<group>"; };
		A7EA96D321F52B8400CDA238 /* INPAssetService.swift */ = {isa = PBXFileReference; fileEncoding = 4; lastKnownFileType = sourcecode.swift; path = INPAssetService.swift; sourceTree = "<group>"; };
		A7EA96D521F52BD500CDA238 /* INPAccountService.swift */ = {isa = PBXFileReference; fileEncoding = 4; lastKnownFileType = sourcecode.swift; path = INPAccountService.swift; sourceTree = "<group>"; };
		A7EA96DC21F52C0000CDA238 /* INPAWSManager.swift */ = {isa = PBXFileReference; fileEncoding = 4; lastKnownFileType = sourcecode.swift; path = INPAWSManager.swift; sourceTree = "<group>"; };
		A7EA96DD21F52C0000CDA238 /* INPCredentialProvider.swift */ = {isa = PBXFileReference; fileEncoding = 4; lastKnownFileType = sourcecode.swift; path = INPCredentialProvider.swift; sourceTree = "<group>"; };
		A7EA96E021F52C9600CDA238 /* INPPaymentService.swift */ = {isa = PBXFileReference; fileEncoding = 4; lastKnownFileType = sourcecode.swift; path = INPPaymentService.swift; sourceTree = "<group>"; };
		A7EA96E221F52C9B00CDA238 /* Payment.swift */ = {isa = PBXFileReference; fileEncoding = 4; lastKnownFileType = sourcecode.swift; path = Payment.swift; sourceTree = "<group>"; };
/* End PBXFileReference section */

/* Begin PBXFrameworksBuildPhase section */
		A7EA960C21F5018600CDA238 /* Frameworks */ = {
			isa = PBXFrameworksBuildPhase;
			buildActionMask = 2147483647;
			files = (
				A7EA96BF21F50F4900CDA238 /* Alamofire.framework in Frameworks */,
				A7EA96C121F50F4900CDA238 /* AWSCore.framework in Frameworks */,
				A7EA96C321F50F4900CDA238 /* AWSIoT.framework in Frameworks */,
				753F5D595D59548CC1AF1909 /* Pods_InPlayerSDK.framework in Frameworks */,
			);
			runOnlyForDeploymentPostprocessing = 0;
		};
		A7EA961521F5018600CDA238 /* Frameworks */ = {
			isa = PBXFrameworksBuildPhase;
			buildActionMask = 2147483647;
			files = (
				A7EA961921F5018600CDA238 /* InPlayerSDK.framework in Frameworks */,
				AE78318204C5D4AB92444129 /* Pods_InPlayerSDKTests.framework in Frameworks */,
			);
			runOnlyForDeploymentPostprocessing = 0;
		};
/* End PBXFrameworksBuildPhase section */

/* Begin PBXGroup section */
		1022795C2B89FFAE8A8E1818 /* Pods */ = {
			isa = PBXGroup;
			children = (
				A42AFBEAB4A1A9893C497B3B /* Pods-InPlayerSDK.debug.xcconfig */,
				7399A4B1E02D4CE231AFD515 /* Pods-InPlayerSDK.release.xcconfig */,
				863B37A5E53B1B204C406696 /* Pods-InPlayerSDKTests.debug.xcconfig */,
				493AD11768B042FEE6A80E5A /* Pods-InPlayerSDKTests.release.xcconfig */,
			);
			name = Pods;
			sourceTree = "<group>";
		};
		9C3E52C14F2F350ABEC2B03F /* Frameworks */ = {
			isa = PBXGroup;
			children = (
				A7EA96BE21F50F4900CDA238 /* Alamofire.framework */,
				A7EA96C021F50F4900CDA238 /* AWSCore.framework */,
				A7EA96C221F50F4900CDA238 /* AWSIoT.framework */,
				89DF19FEC807CF03559464F9 /* Pods_InPlayerSDK.framework */,
				0E319CEC0D79078C0D82AB59 /* Pods_InPlayerSDKTests.framework */,
			);
			name = Frameworks;
			sourceTree = "<group>";
		};
		A73211CE223AC9AD00452C15 /* Models */ = {
			isa = PBXGroup;
			children = (
				A73211D5223AD42300452C15 /* InPlayerPurchaseHistory.swift */,
				A73211CF223AD06E00452C15 /* InPlayerCustomerAccessItem.swift */,
			);
			path = Models;
			sourceTree = "<group>";
		};
		A73211DD223C124200452C15 /* Subscription */ = {
			isa = PBXGroup;
			children = (
				A73211E2223C182200452C15 /* InPlayerSubscriptionList.swift */,
				A73211E4223C1A8800452C15 /* InPlayerSubscription.swift */,
			);
			path = Subscription;
			sourceTree = "<group>";
		};
		A73211DF223C125600452C15 /* Subscription */ = {
			isa = PBXGroup;
			children = (
				A73211E0223C138E00452C15 /* INPSubscriptionService.swift */,
			);
			path = Subscription;
			sourceTree = "<group>";
		};
		A7EA960521F5018600CDA238 = {
			isa = PBXGroup;
			children = (
				A7EA962921F501F000CDA238 /* Source */,
				A7EA961021F5018600CDA238 /* Products */,
				1022795C2B89FFAE8A8E1818 /* Pods */,
				9C3E52C14F2F350ABEC2B03F /* Frameworks */,
			);
			sourceTree = "<group>";
		};
		A7EA961021F5018600CDA238 /* Products */ = {
			isa = PBXGroup;
			children = (
				A7EA960F21F5018600CDA238 /* InPlayerSDK.framework */,
				A7EA961821F5018600CDA238 /* InPlayerSDKTests.xctest */,
			);
			name = Products;
			sourceTree = "<group>";
		};
		A7EA962921F501F000CDA238 /* Source */ = {
			isa = PBXGroup;
			children = (
				A7EA962A21F501F000CDA238 /* Core */,
				A7EA965521F501F000CDA238 /* Notification */,
				A7EA966121F501F000CDA238 /* Payment */,
				A7EA969A21F5049600CDA238 /* Supporting Files */,
			);
			path = Source;
			sourceTree = "<group>";
		};
		A7EA962A21F501F000CDA238 /* Core */ = {
			isa = PBXGroup;
			children = (
				A7EA963221F501F000CDA238 /* InPlayer.swift */,
				A7EA965321F501F000CDA238 /* Account.swift */,
				A7EA963621F501F000CDA238 /* Asset.swift */,
				A73211DB223C11B500452C15 /* Subscription.swift */,
				A7EA96D121F52B6900CDA238 /* InPlayerConstants.swift */,
				A7EA962B21F501F000CDA238 /* Configuration */,
				A7EA963921F501F000CDA238 /* Models */,
				A7EA963321F501F000CDA238 /* API */,
				A7EA962E21F501F000CDA238 /* Extensions */,
				A73211EA2240114C00452C15 /* countries.json */,
			);
			path = Core;
			sourceTree = "<group>";
		};
		A7EA962B21F501F000CDA238 /* Configuration */ = {
			isa = PBXGroup;
			children = (
				A7EA962C21F501F000CDA238 /* Configuration.swift */,
				A741EAA821F7799B00290AFD /* InPlayer+Configuration.swift */,
				A741EAAA21F77A8700290AFD /* InPlayerEnvironmentType.swift */,
			);
			path = Configuration;
			sourceTree = "<group>";
		};
		A7EA962E21F501F000CDA238 /* Extensions */ = {
			isa = PBXGroup;
			children = (
				A7EA962F21F501F000CDA238 /* UserDefaultsExt.swift */,
				A7EA963021F501F000CDA238 /* DataDecodeExt.swift */,
				A7EA963121F501F000CDA238 /* DateExt.swift */,
				A7C4C8902270A92200EF6CF4 /* StringExt.swift */,
				A7C4C8922270A97400EF6CF4 /* DictionaryExt.swift */,
				A7A690D5227CB0C10039AB59 /* NotificationNameExt.swift */,
			);
			path = Extensions;
			sourceTree = "<group>";
		};
		A7EA963321F501F000CDA238 /* API */ = {
			isa = PBXGroup;
			children = (
				A7EA963721F501F000CDA238 /* INPAPIConfiguration.swift */,
				A7EA963821F501F000CDA238 /* NetworkDataSource.swift */,
				A7EA964921F501F000CDA238 /* INPAuthHandler.swift */,
				A7EA964A21F501F000CDA238 /* InPlayerSessionAPIManager.swift */,
				A7EA965121F501F000CDA238 /* Account */,
				A7EA963421F501F000CDA238 /* Asset */,
				A73211DF223C125600452C15 /* Subscription */,
				A7EA965421F501F000CDA238 /* NetworkConstants.swift */,
			);
			path = API;
			sourceTree = "<group>";
		};
		A7EA963421F501F000CDA238 /* Asset */ = {
			isa = PBXGroup;
			children = (
				A7EA96D321F52B8400CDA238 /* INPAssetService.swift */,
			);
			path = Asset;
			sourceTree = "<group>";
		};
		A7EA963921F501F000CDA238 /* Models */ = {
			isa = PBXGroup;
			children = (
				A7EA964B21F501F000CDA238 /* Errors */,
				A7EA963A21F501F000CDA238 /* Asset */,
				A7EA964521F501F000CDA238 /* Account */,
				A73211DD223C124200452C15 /* Subscription */,
			);
			path = Models;
			sourceTree = "<group>";
		};
		A7EA963A21F501F000CDA238 /* Asset */ = {
			isa = PBXGroup;
			children = (
				A7EA964421F501F000CDA238 /* InPlayerItem.swift */,
				A7EA963C21F501F000CDA238 /* InPlayerAccessControlType.swift */,
				A7EA963D21F501F000CDA238 /* InPlayerAccessFee.swift */,
				A7EA963E21F501F000CDA238 /* InPlayerTrialPeriod.swift */,
				A7EA963F21F501F000CDA238 /* InPlayerSetupFee.swift */,
				A7EA964021F501F000CDA238 /* InPlayerAccessType.swift */,
				A7EA964121F501F000CDA238 /* InPlayerItemType.swift */,
				A7EA964221F501F000CDA238 /* InPlayerItemAccess.swift */,
				A7EA964321F501F000CDA238 /* InPlayerItemMetadata.swift */,
			);
			path = Asset;
			sourceTree = "<group>";
		};
		A7EA964521F501F000CDA238 /* Account */ = {
			isa = PBXGroup;
			children = (
				A7EA964621F501F000CDA238 /* InPlayerAccount.swift */,
				A7EA964721F501F000CDA238 /* InPlayerCredentials.swift */,
				A7EA964821F501F000CDA238 /* InPlayerAuthorization.swift */,
				A73211E6224006AC00452C15 /* InPlayerRegisterFieldsResponse.swift */,
				A73211D9223C0D7E00452C15 /* InPlayerRegisterField.swift */,
				A73211E822400B5700452C15 /* InPlayerFieldCountry.swift */,
				A75DE417227097B20057B2A7 /* InPlayerSocialUrlResponse.swift */,
				A7A690D3227C9CB20039AB59 /* InPlayerSocialUrl.swift */,
			);
			path = Account;
			sourceTree = "<group>";
		};
		A7EA964B21F501F000CDA238 /* Errors */ = {
			isa = PBXGroup;
			children = (
				A7EA964E21F501F000CDA238 /* InPlayerErrorMapper.swift */,
				A7EA964C21F501F000CDA238 /* InPlayerHttpError.swift */,
				A7EA964D21F501F000CDA238 /* InPlayerUnknownError.swift */,
				A7EA964F21F501F000CDA238 /* InPlayerInvalidResponseError.swift */,
				A7EA965021F501F000CDA238 /* InPlayerUnauthorizedError.swift */,
				A7A690CF227B8C600039AB59 /* InPlayerMalformedUrlError.swift */,
			);
			path = Errors;
			sourceTree = "<group>";
		};
		A7EA965121F501F000CDA238 /* Account */ = {
			isa = PBXGroup;
			children = (
				A7EA96D521F52BD500CDA238 /* INPAccountService.swift */,
			);
			path = Account;
			sourceTree = "<group>";
		};
		A7EA965521F501F000CDA238 /* Notification */ = {
			isa = PBXGroup;
			children = (
				A7EA965721F501F000CDA238 /* Notification.swift */,
				A7EA96DB21F52C0000CDA238 /* AWS */,
				A7EA965A21F501F000CDA238 /* Models */,
				A7EA965821F501F000CDA238 /* API */,
			);
			path = Notification;
			sourceTree = "<group>";
		};
		A7EA965821F501F000CDA238 /* API */ = {
			isa = PBXGroup;
			children = (
				A7EA965921F501F000CDA238 /* NotificationNetworkConstants.swift */,
				A7EA965E21F501F000CDA238 /* INPNotificationService.swift */,
				A7EA965F21F501F000CDA238 /* InPlayerNotificationAPIManager.swift */,
			);
			path = API;
			sourceTree = "<group>";
		};
		A7EA965A21F501F000CDA238 /* Models */ = {
			isa = PBXGroup;
			children = (
				A7EA965B21F501F000CDA238 /* InPlayerNotification.swift */,
				A7EA965C21F501F000CDA238 /* InPlayerAwsKey.swift */,
				A7EA965D21F501F000CDA238 /* InPlayerItemRevoked.swift */,
			);
			path = Models;
			sourceTree = "<group>";
		};
		A7EA966121F501F000CDA238 /* Payment */ = {
			isa = PBXGroup;
			children = (
				A7EA96E221F52C9B00CDA238 /* Payment.swift */,
				A7EA966221F501F000CDA238 /* API */,
				A73211CE223AC9AD00452C15 /* Models */,
			);
			path = Payment;
			sourceTree = "<group>";
		};
		A7EA966221F501F000CDA238 /* API */ = {
			isa = PBXGroup;
			children = (
				A7EA96E021F52C9600CDA238 /* INPPaymentService.swift */,
				A7EA966421F501F000CDA238 /* PaymentNetworkConstants.swift */,
			);
			path = API;
			sourceTree = "<group>";
		};
		A7EA969A21F5049600CDA238 /* Supporting Files */ = {
			isa = PBXGroup;
			children = (
				A77950FC228032AE003D112A /* InPlayerSDK.podspec */,
				A7EA966621F501F000CDA238 /* InPlayerSDK.h */,
				A7EA966721F501F000CDA238 /* Info.plist */,
			);
			name = "Supporting Files";
			sourceTree = "<group>";
		};
		A7EA96DB21F52C0000CDA238 /* AWS */ = {
			isa = PBXGroup;
			children = (
				A7EA96DC21F52C0000CDA238 /* INPAWSManager.swift */,
				A7EA96DD21F52C0000CDA238 /* INPCredentialProvider.swift */,
			);
			path = AWS;
			sourceTree = "<group>";
		};
/* End PBXGroup section */

/* Begin PBXHeadersBuildPhase section */
		A7EA960A21F5018600CDA238 /* Headers */ = {
			isa = PBXHeadersBuildPhase;
			buildActionMask = 2147483647;
			files = (
				A7EA969521F501F000CDA238 /* InPlayerSDK.h in Headers */,
			);
			runOnlyForDeploymentPostprocessing = 0;
		};
/* End PBXHeadersBuildPhase section */

/* Begin PBXNativeTarget section */
		A7EA960E21F5018600CDA238 /* InPlayerSDK */ = {
			isa = PBXNativeTarget;
			buildConfigurationList = A7EA962321F5018600CDA238 /* Build configuration list for PBXNativeTarget "InPlayerSDK" */;
			buildPhases = (
				8394ECE9E19E0EC962E775E9 /* [CP] Check Pods Manifest.lock */,
				A7EA960A21F5018600CDA238 /* Headers */,
				A7EA960B21F5018600CDA238 /* Sources */,
				A7EA960C21F5018600CDA238 /* Frameworks */,
				A7EA960D21F5018600CDA238 /* Resources */,
			);
			buildRules = (
			);
			dependencies = (
			);
			name = InPlayerSDK;
			productName = InPlayerSDK;
			productReference = A7EA960F21F5018600CDA238 /* InPlayerSDK.framework */;
			productType = "com.apple.product-type.framework";
		};
		A7EA961721F5018600CDA238 /* InPlayerSDKTests */ = {
			isa = PBXNativeTarget;
			buildConfigurationList = A7EA962621F5018600CDA238 /* Build configuration list for PBXNativeTarget "InPlayerSDKTests" */;
			buildPhases = (
				E92D9BA71EE60AF5CD6B6260 /* [CP] Check Pods Manifest.lock */,
				A7EA961421F5018600CDA238 /* Sources */,
				A7EA961521F5018600CDA238 /* Frameworks */,
				A7EA961621F5018600CDA238 /* Resources */,
			);
			buildRules = (
			);
			dependencies = (
				A7EA961B21F5018600CDA238 /* PBXTargetDependency */,
			);
			name = InPlayerSDKTests;
			productName = InPlayerSDKTests;
			productReference = A7EA961821F5018600CDA238 /* InPlayerSDKTests.xctest */;
			productType = "com.apple.product-type.bundle.unit-test";
		};
/* End PBXNativeTarget section */

/* Begin PBXProject section */
		A7EA960621F5018600CDA238 /* Project object */ = {
			isa = PBXProject;
			attributes = {
				LastSwiftUpdateCheck = 1010;
				LastUpgradeCheck = 1010;
				ORGANIZATIONNAME = InPlayer;
				TargetAttributes = {
					A7EA960E21F5018600CDA238 = {
						CreatedOnToolsVersion = 10.1;
					};
					A7EA961721F5018600CDA238 = {
						CreatedOnToolsVersion = 10.1;
					};
				};
			};
			buildConfigurationList = A7EA960921F5018600CDA238 /* Build configuration list for PBXProject "InPlayerSDK" */;
			compatibilityVersion = "Xcode 9.3";
			developmentRegion = en;
			hasScannedForEncodings = 0;
			knownRegions = (
				en,
				Base,
			);
			mainGroup = A7EA960521F5018600CDA238;
			productRefGroup = A7EA961021F5018600CDA238 /* Products */;
			projectDirPath = "";
			projectRoot = "";
			targets = (
				A7EA960E21F5018600CDA238 /* InPlayerSDK */,
				A7EA961721F5018600CDA238 /* InPlayerSDKTests */,
			);
		};
/* End PBXProject section */

/* Begin PBXResourcesBuildPhase section */
		A7EA960D21F5018600CDA238 /* Resources */ = {
			isa = PBXResourcesBuildPhase;
			buildActionMask = 2147483647;
			files = (
				A73211EB2240114C00452C15 /* countries.json in Resources */,
				A77950FD228032AF003D112A /* InPlayerSDK.podspec in Resources */,
			);
			runOnlyForDeploymentPostprocessing = 0;
		};
		A7EA961621F5018600CDA238 /* Resources */ = {
			isa = PBXResourcesBuildPhase;
			buildActionMask = 2147483647;
			files = (
			);
			runOnlyForDeploymentPostprocessing = 0;
		};
/* End PBXResourcesBuildPhase section */

/* Begin PBXShellScriptBuildPhase section */
		8394ECE9E19E0EC962E775E9 /* [CP] Check Pods Manifest.lock */ = {
			isa = PBXShellScriptBuildPhase;
			buildActionMask = 2147483647;
			files = (
			);
			inputPaths = (
				"${PODS_PODFILE_DIR_PATH}/Podfile.lock",
				"${PODS_ROOT}/Manifest.lock",
			);
			name = "[CP] Check Pods Manifest.lock";
			outputPaths = (
				"$(DERIVED_FILE_DIR)/Pods-InPlayerSDK-checkManifestLockResult.txt",
			);
			runOnlyForDeploymentPostprocessing = 0;
			shellPath = /bin/sh;
			shellScript = "diff \"${PODS_PODFILE_DIR_PATH}/Podfile.lock\" \"${PODS_ROOT}/Manifest.lock\" > /dev/null\nif [ $? != 0 ] ; then\n    # print error to STDERR\n    echo \"error: The sandbox is not in sync with the Podfile.lock. Run 'pod install' or update your CocoaPods installation.\" >&2\n    exit 1\nfi\n# This output is used by Xcode 'outputs' to avoid re-running this script phase.\necho \"SUCCESS\" > \"${SCRIPT_OUTPUT_FILE_0}\"\n";
			showEnvVarsInLog = 0;
		};
		E92D9BA71EE60AF5CD6B6260 /* [CP] Check Pods Manifest.lock */ = {
			isa = PBXShellScriptBuildPhase;
			buildActionMask = 2147483647;
			files = (
			);
			inputPaths = (
				"${PODS_PODFILE_DIR_PATH}/Podfile.lock",
				"${PODS_ROOT}/Manifest.lock",
			);
			name = "[CP] Check Pods Manifest.lock";
			outputPaths = (
				"$(DERIVED_FILE_DIR)/Pods-InPlayerSDKTests-checkManifestLockResult.txt",
			);
			runOnlyForDeploymentPostprocessing = 0;
			shellPath = /bin/sh;
			shellScript = "diff \"${PODS_PODFILE_DIR_PATH}/Podfile.lock\" \"${PODS_ROOT}/Manifest.lock\" > /dev/null\nif [ $? != 0 ] ; then\n    # print error to STDERR\n    echo \"error: The sandbox is not in sync with the Podfile.lock. Run 'pod install' or update your CocoaPods installation.\" >&2\n    exit 1\nfi\n# This output is used by Xcode 'outputs' to avoid re-running this script phase.\necho \"SUCCESS\" > \"${SCRIPT_OUTPUT_FILE_0}\"\n";
			showEnvVarsInLog = 0;
		};
/* End PBXShellScriptBuildPhase section */

/* Begin PBXSourcesBuildPhase section */
		A7EA960B21F5018600CDA238 /* Sources */ = {
			isa = PBXSourcesBuildPhase;
			buildActionMask = 2147483647;
			files = (
				A7EA967D21F501F000CDA238 /* InPlayerCredentials.swift in Sources */,
				A7C4C8912270A92200EF6CF4 /* StringExt.swift in Sources */,
				A7EA968521F501F000CDA238 /* InPlayerUnauthorizedError.swift in Sources */,
				A7EA967621F501F000CDA238 /* InPlayerSetupFee.swift in Sources */,
				A7EA968B21F501F000CDA238 /* NotificationNetworkConstants.swift in Sources */,
				A7EA968021F501F000CDA238 /* InPlayerSessionAPIManager.swift in Sources */,
				A7A690D6227CB0C20039AB59 /* NotificationNameExt.swift in Sources */,
				A7EA966A21F501F000CDA238 /* UserDefaultsExt.swift in Sources */,
				A7EA967421F501F000CDA238 /* InPlayerAccessFee.swift in Sources */,
				A7EA967021F501F000CDA238 /* INPAPIConfiguration.swift in Sources */,
				A7EA967521F501F000CDA238 /* InPlayerTrialPeriod.swift in Sources */,
				A73211DA223C0D7E00452C15 /* InPlayerRegisterField.swift in Sources */,
				A7EA966B21F501F000CDA238 /* DataDecodeExt.swift in Sources */,
				A7EA966C21F501F000CDA238 /* DateExt.swift in Sources */,
				A7EA968D21F501F000CDA238 /* InPlayerAwsKey.swift in Sources */,
				A7EA96E121F52C9600CDA238 /* INPPaymentService.swift in Sources */,
				A7C4C8932270A97400EF6CF4 /* DictionaryExt.swift in Sources */,
				A7EA968E21F501F000CDA238 /* InPlayerItemRevoked.swift in Sources */,
				A7EA967B21F501F000CDA238 /* InPlayerItem.swift in Sources */,
				A7A690D0227B8C600039AB59 /* InPlayerMalformedUrlError.swift in Sources */,
				A7EA96DF21F52C0000CDA238 /* INPCredentialProvider.swift in Sources */,
				A7EA966821F501F000CDA238 /* Configuration.swift in Sources */,
				A7EA966D21F501F000CDA238 /* InPlayer.swift in Sources */,
				A7EA96D421F52B8400CDA238 /* INPAssetService.swift in Sources */,
				A7EA967C21F501F000CDA238 /* InPlayerAccount.swift in Sources */,
				A7EA96D621F52BD500CDA238 /* INPAccountService.swift in Sources */,
				A7EA96D221F52B6900CDA238 /* InPlayerConstants.swift in Sources */,
				A75DE418227097B20057B2A7 /* InPlayerSocialUrlResponse.swift in Sources */,
				A73211E5223C1A8800452C15 /* InPlayerSubscription.swift in Sources */,
				A741EAAB21F77A8700290AFD /* InPlayerEnvironmentType.swift in Sources */,
				A73211DC223C11B500452C15 /* Subscription.swift in Sources */,
				A73211E7224006AC00452C15 /* InPlayerRegisterFieldsResponse.swift in Sources */,
				A741EAA921F7799B00290AFD /* InPlayer+Configuration.swift in Sources */,
				A7A690D4227C9CB20039AB59 /* InPlayerSocialUrl.swift in Sources */,
				A73211E3223C182200452C15 /* InPlayerSubscriptionList.swift in Sources */,
				A7EA968C21F501F000CDA238 /* InPlayerNotification.swift in Sources */,
				A73211D6223AD42300452C15 /* InPlayerPurchaseHistory.swift in Sources */,
				A7EA967321F501F000CDA238 /* InPlayerAccessControlType.swift in Sources */,
				A7EA967121F501F000CDA238 /* NetworkDataSource.swift in Sources */,
				A73211D0223AD06E00452C15 /* InPlayerCustomerAccessItem.swift in Sources */,
				A7EA968421F501F000CDA238 /* InPlayerInvalidResponseError.swift in Sources */,
				A7EA968F21F501F000CDA238 /* INPNotificationService.swift in Sources */,
				A73211E922400B5700452C15 /* InPlayerFieldCountry.swift in Sources */,
				A7EA969021F501F000CDA238 /* InPlayerNotificationAPIManager.swift in Sources */,
				A7EA969321F501F000CDA238 /* PaymentNetworkConstants.swift in Sources */,
				A7EA967A21F501F000CDA238 /* InPlayerItemMetadata.swift in Sources */,
				A7EA968221F501F000CDA238 /* InPlayerUnknownError.swift in Sources */,
				A7EA968721F501F000CDA238 /* Account.swift in Sources */,
				A7EA966F21F501F000CDA238 /* Asset.swift in Sources */,
				A7EA968321F501F000CDA238 /* InPlayerErrorMapper.swift in Sources */,
				A7EA96E321F52C9B00CDA238 /* Payment.swift in Sources */,
				A7EA968821F501F000CDA238 /* NetworkConstants.swift in Sources */,
				A7EA96DE21F52C0000CDA238 /* INPAWSManager.swift in Sources */,
				A7EA967E21F501F000CDA238 /* InPlayerAuthorization.swift in Sources */,
				A7EA968121F501F000CDA238 /* InPlayerHttpError.swift in Sources */,
				A7EA967921F501F000CDA238 /* InPlayerItemAccess.swift in Sources */,
				A7EA968A21F501F000CDA238 /* Notification.swift in Sources */,
				A7EA967721F501F000CDA238 /* InPlayerAccessType.swift in Sources */,
				A7EA967F21F501F000CDA238 /* INPAuthHandler.swift in Sources */,
				A7EA967821F501F000CDA238 /* InPlayerItemType.swift in Sources */,
				A73211E1223C138E00452C15 /* INPSubscriptionService.swift in Sources */,
			);
			runOnlyForDeploymentPostprocessing = 0;
		};
		A7EA961421F5018600CDA238 /* Sources */ = {
			isa = PBXSourcesBuildPhase;
			buildActionMask = 2147483647;
			files = (
			);
			runOnlyForDeploymentPostprocessing = 0;
		};
/* End PBXSourcesBuildPhase section */

/* Begin PBXTargetDependency section */
		A7EA961B21F5018600CDA238 /* PBXTargetDependency */ = {
			isa = PBXTargetDependency;
			target = A7EA960E21F5018600CDA238 /* InPlayerSDK */;
			targetProxy = A7EA961A21F5018600CDA238 /* PBXContainerItemProxy */;
		};
/* End PBXTargetDependency section */

/* Begin XCBuildConfiguration section */
		A7EA962121F5018600CDA238 /* Debug */ = {
			isa = XCBuildConfiguration;
			buildSettings = {
				ALWAYS_SEARCH_USER_PATHS = NO;
				CLANG_ANALYZER_NONNULL = YES;
				CLANG_ANALYZER_NUMBER_OBJECT_CONVERSION = YES_AGGRESSIVE;
				CLANG_CXX_LANGUAGE_STANDARD = "gnu++14";
				CLANG_CXX_LIBRARY = "libc++";
				CLANG_ENABLE_MODULES = YES;
				CLANG_ENABLE_OBJC_ARC = YES;
				CLANG_ENABLE_OBJC_WEAK = YES;
				CLANG_WARN_BLOCK_CAPTURE_AUTORELEASING = YES;
				CLANG_WARN_BOOL_CONVERSION = YES;
				CLANG_WARN_COMMA = YES;
				CLANG_WARN_CONSTANT_CONVERSION = YES;
				CLANG_WARN_DEPRECATED_OBJC_IMPLEMENTATIONS = YES;
				CLANG_WARN_DIRECT_OBJC_ISA_USAGE = YES_ERROR;
				CLANG_WARN_DOCUMENTATION_COMMENTS = YES;
				CLANG_WARN_EMPTY_BODY = YES;
				CLANG_WARN_ENUM_CONVERSION = YES;
				CLANG_WARN_INFINITE_RECURSION = YES;
				CLANG_WARN_INT_CONVERSION = YES;
				CLANG_WARN_NON_LITERAL_NULL_CONVERSION = YES;
				CLANG_WARN_OBJC_IMPLICIT_RETAIN_SELF = YES;
				CLANG_WARN_OBJC_LITERAL_CONVERSION = YES;
				CLANG_WARN_OBJC_ROOT_CLASS = YES_ERROR;
				CLANG_WARN_RANGE_LOOP_ANALYSIS = YES;
				CLANG_WARN_STRICT_PROTOTYPES = YES;
				CLANG_WARN_SUSPICIOUS_MOVE = YES;
				CLANG_WARN_UNGUARDED_AVAILABILITY = YES_AGGRESSIVE;
				CLANG_WARN_UNREACHABLE_CODE = YES;
				CLANG_WARN__DUPLICATE_METHOD_MATCH = YES;
				CODE_SIGN_IDENTITY = "iPhone Developer";
				COPY_PHASE_STRIP = NO;
				CURRENT_PROJECT_VERSION = 1;
				DEBUG_INFORMATION_FORMAT = dwarf;
				ENABLE_STRICT_OBJC_MSGSEND = YES;
				ENABLE_TESTABILITY = YES;
				GCC_C_LANGUAGE_STANDARD = gnu11;
				GCC_DYNAMIC_NO_PIC = NO;
				GCC_NO_COMMON_BLOCKS = YES;
				GCC_OPTIMIZATION_LEVEL = 0;
				GCC_PREPROCESSOR_DEFINITIONS = (
					"DEBUG=1",
					"$(inherited)",
				);
				GCC_WARN_64_TO_32_BIT_CONVERSION = YES;
				GCC_WARN_ABOUT_RETURN_TYPE = YES_ERROR;
				GCC_WARN_UNDECLARED_SELECTOR = YES;
				GCC_WARN_UNINITIALIZED_AUTOS = YES_AGGRESSIVE;
				GCC_WARN_UNUSED_FUNCTION = YES;
				GCC_WARN_UNUSED_VARIABLE = YES;
				IPHONEOS_DEPLOYMENT_TARGET = 12.1;
				MTL_ENABLE_DEBUG_INFO = INCLUDE_SOURCE;
				MTL_FAST_MATH = YES;
				ONLY_ACTIVE_ARCH = YES;
				SDKROOT = iphoneos;
				SWIFT_ACTIVE_COMPILATION_CONDITIONS = DEBUG;
				SWIFT_OPTIMIZATION_LEVEL = "-Onone";
				VERSIONING_SYSTEM = "apple-generic";
				VERSION_INFO_PREFIX = "";
			};
			name = Debug;
		};
		A7EA962221F5018600CDA238 /* Release */ = {
			isa = XCBuildConfiguration;
			buildSettings = {
				ALWAYS_SEARCH_USER_PATHS = NO;
				CLANG_ANALYZER_NONNULL = YES;
				CLANG_ANALYZER_NUMBER_OBJECT_CONVERSION = YES_AGGRESSIVE;
				CLANG_CXX_LANGUAGE_STANDARD = "gnu++14";
				CLANG_CXX_LIBRARY = "libc++";
				CLANG_ENABLE_MODULES = YES;
				CLANG_ENABLE_OBJC_ARC = YES;
				CLANG_ENABLE_OBJC_WEAK = YES;
				CLANG_WARN_BLOCK_CAPTURE_AUTORELEASING = YES;
				CLANG_WARN_BOOL_CONVERSION = YES;
				CLANG_WARN_COMMA = YES;
				CLANG_WARN_CONSTANT_CONVERSION = YES;
				CLANG_WARN_DEPRECATED_OBJC_IMPLEMENTATIONS = YES;
				CLANG_WARN_DIRECT_OBJC_ISA_USAGE = YES_ERROR;
				CLANG_WARN_DOCUMENTATION_COMMENTS = YES;
				CLANG_WARN_EMPTY_BODY = YES;
				CLANG_WARN_ENUM_CONVERSION = YES;
				CLANG_WARN_INFINITE_RECURSION = YES;
				CLANG_WARN_INT_CONVERSION = YES;
				CLANG_WARN_NON_LITERAL_NULL_CONVERSION = YES;
				CLANG_WARN_OBJC_IMPLICIT_RETAIN_SELF = YES;
				CLANG_WARN_OBJC_LITERAL_CONVERSION = YES;
				CLANG_WARN_OBJC_ROOT_CLASS = YES_ERROR;
				CLANG_WARN_RANGE_LOOP_ANALYSIS = YES;
				CLANG_WARN_STRICT_PROTOTYPES = YES;
				CLANG_WARN_SUSPICIOUS_MOVE = YES;
				CLANG_WARN_UNGUARDED_AVAILABILITY = YES_AGGRESSIVE;
				CLANG_WARN_UNREACHABLE_CODE = YES;
				CLANG_WARN__DUPLICATE_METHOD_MATCH = YES;
				CODE_SIGN_IDENTITY = "iPhone Developer";
				COPY_PHASE_STRIP = NO;
				CURRENT_PROJECT_VERSION = 1;
				DEBUG_INFORMATION_FORMAT = "dwarf-with-dsym";
				ENABLE_NS_ASSERTIONS = NO;
				ENABLE_STRICT_OBJC_MSGSEND = YES;
				GCC_C_LANGUAGE_STANDARD = gnu11;
				GCC_NO_COMMON_BLOCKS = YES;
				GCC_WARN_64_TO_32_BIT_CONVERSION = YES;
				GCC_WARN_ABOUT_RETURN_TYPE = YES_ERROR;
				GCC_WARN_UNDECLARED_SELECTOR = YES;
				GCC_WARN_UNINITIALIZED_AUTOS = YES_AGGRESSIVE;
				GCC_WARN_UNUSED_FUNCTION = YES;
				GCC_WARN_UNUSED_VARIABLE = YES;
				IPHONEOS_DEPLOYMENT_TARGET = 12.1;
				MTL_ENABLE_DEBUG_INFO = NO;
				MTL_FAST_MATH = YES;
				SDKROOT = iphoneos;
				SWIFT_COMPILATION_MODE = wholemodule;
				SWIFT_OPTIMIZATION_LEVEL = "-O";
				VALIDATE_PRODUCT = YES;
				VERSIONING_SYSTEM = "apple-generic";
				VERSION_INFO_PREFIX = "";
			};
			name = Release;
		};
		A7EA962421F5018600CDA238 /* Debug */ = {
			isa = XCBuildConfiguration;
			baseConfigurationReference = A42AFBEAB4A1A9893C497B3B /* Pods-InPlayerSDK.debug.xcconfig */;
			buildSettings = {
				CODE_SIGN_IDENTITY = "";
				CODE_SIGN_STYLE = Automatic;
				DEFINES_MODULE = YES;
				DYLIB_COMPATIBILITY_VERSION = 1;
				DYLIB_CURRENT_VERSION = 1;
				DYLIB_INSTALL_NAME_BASE = "@rpath";
				INFOPLIST_FILE = "$(SRCROOT)/Source/Info.plist";
				INSTALL_PATH = "$(LOCAL_LIBRARY_DIR)/Frameworks";
				IPHONEOS_DEPLOYMENT_TARGET = 10.0;
				LD_RUNPATH_SEARCH_PATHS = (
					"$(inherited)",
					"@executable_path/Frameworks",
					"@loader_path/Frameworks",
				);
				PRODUCT_BUNDLE_IDENTIFIER = com.inplayer.InPlayerSDK;
				PRODUCT_NAME = "$(TARGET_NAME:c99extidentifier)";
				SKIP_INSTALL = YES;
				SWIFT_VERSION = 4.2;
				TARGETED_DEVICE_FAMILY = "1,2";
			};
			name = Debug;
		};
		A7EA962521F5018600CDA238 /* Release */ = {
			isa = XCBuildConfiguration;
			baseConfigurationReference = 7399A4B1E02D4CE231AFD515 /* Pods-InPlayerSDK.release.xcconfig */;
			buildSettings = {
				CODE_SIGN_IDENTITY = "";
				CODE_SIGN_STYLE = Automatic;
				DEFINES_MODULE = YES;
				DYLIB_COMPATIBILITY_VERSION = 1;
				DYLIB_CURRENT_VERSION = 1;
				DYLIB_INSTALL_NAME_BASE = "@rpath";
				INFOPLIST_FILE = "$(SRCROOT)/Source/Info.plist";
				INSTALL_PATH = "$(LOCAL_LIBRARY_DIR)/Frameworks";
				IPHONEOS_DEPLOYMENT_TARGET = 10.0;
				LD_RUNPATH_SEARCH_PATHS = (
					"$(inherited)",
					"@executable_path/Frameworks",
					"@loader_path/Frameworks",
				);
				PRODUCT_BUNDLE_IDENTIFIER = com.inplayer.InPlayerSDK;
				PRODUCT_NAME = "$(TARGET_NAME:c99extidentifier)";
				SKIP_INSTALL = YES;
				SWIFT_VERSION = 4.2;
				TARGETED_DEVICE_FAMILY = "1,2";
			};
			name = Release;
		};
		A7EA962721F5018600CDA238 /* Debug */ = {
			isa = XCBuildConfiguration;
			baseConfigurationReference = 863B37A5E53B1B204C406696 /* Pods-InPlayerSDKTests.debug.xcconfig */;
			buildSettings = {
				ALWAYS_EMBED_SWIFT_STANDARD_LIBRARIES = YES;
				CODE_SIGN_STYLE = Automatic;
				INFOPLIST_FILE = InPlayerSDKTests/Info.plist;
				LD_RUNPATH_SEARCH_PATHS = (
					"$(inherited)",
					"@executable_path/Frameworks",
					"@loader_path/Frameworks",
				);
				PRODUCT_BUNDLE_IDENTIFIER = com.inplayer.InPlayerSDKTests;
				PRODUCT_NAME = "$(TARGET_NAME)";
				SWIFT_VERSION = 4.2;
				TARGETED_DEVICE_FAMILY = "1,2";
			};
			name = Debug;
		};
		A7EA962821F5018600CDA238 /* Release */ = {
			isa = XCBuildConfiguration;
			baseConfigurationReference = 493AD11768B042FEE6A80E5A /* Pods-InPlayerSDKTests.release.xcconfig */;
			buildSettings = {
				ALWAYS_EMBED_SWIFT_STANDARD_LIBRARIES = YES;
				CODE_SIGN_STYLE = Automatic;
				INFOPLIST_FILE = InPlayerSDKTests/Info.plist;
				LD_RUNPATH_SEARCH_PATHS = (
					"$(inherited)",
					"@executable_path/Frameworks",
					"@loader_path/Frameworks",
				);
				PRODUCT_BUNDLE_IDENTIFIER = com.inplayer.InPlayerSDKTests;
				PRODUCT_NAME = "$(TARGET_NAME)";
				SWIFT_VERSION = 4.2;
				TARGETED_DEVICE_FAMILY = "1,2";
			};
			name = Release;
		};
/* End XCBuildConfiguration section */

/* Begin XCConfigurationList section */
		A7EA960921F5018600CDA238 /* Build configuration list for PBXProject "InPlayerSDK" */ = {
			isa = XCConfigurationList;
			buildConfigurations = (
				A7EA962121F5018600CDA238 /* Debug */,
				A7EA962221F5018600CDA238 /* Release */,
			);
			defaultConfigurationIsVisible = 0;
			defaultConfigurationName = Release;
		};
		A7EA962321F5018600CDA238 /* Build configuration list for PBXNativeTarget "InPlayerSDK" */ = {
			isa = XCConfigurationList;
			buildConfigurations = (
				A7EA962421F5018600CDA238 /* Debug */,
				A7EA962521F5018600CDA238 /* Release */,
			);
			defaultConfigurationIsVisible = 0;
			defaultConfigurationName = Release;
		};
		A7EA962621F5018600CDA238 /* Build configuration list for PBXNativeTarget "InPlayerSDKTests" */ = {
			isa = XCConfigurationList;
			buildConfigurations = (
				A7EA962721F5018600CDA238 /* Debug */,
				A7EA962821F5018600CDA238 /* Release */,
			);
			defaultConfigurationIsVisible = 0;
			defaultConfigurationName = Release;
		};
/* End XCConfigurationList section */
	};
	rootObject = A7EA960621F5018600CDA238 /* Project object */;
}
