// !$*UTF8*$!
{
	archiveVersion = 1;
	classes = {
	};
	objectVersion = 50;
	objects = {

/* Begin PBXBuildFile section */
		3672123F5C723EAB28870A93 /* Pods_InPlayerSDKExample_iOS.framework in Frameworks */ = {isa = PBXBuildFile; fileRef = DD7BA6C78590054282C7C7E4 /* Pods_InPlayerSDKExample_iOS.framework */; };
		A718C05521CED043004D7EF7 /* AppDelegate.swift in Sources */ = {isa = PBXBuildFile; fileRef = A718C05421CED043004D7EF7 /* AppDelegate.swift */; };
		A718C05F21CED044004D7EF7 /* LaunchScreen.storyboard in Resources */ = {isa = PBXBuildFile; fileRef = A718C05D21CED044004D7EF7 /* LaunchScreen.storyboard */; };
		A718C06A21CED044004D7EF7 /* InPlayerSDKExample_iOSTests.swift in Sources */ = {isa = PBXBuildFile; fileRef = A718C06921CED044004D7EF7 /* InPlayerSDKExample_iOSTests.swift */; };
		A74DB80421D00FA50082D3AA /* InPlayer.swift in Sources */ = {isa = PBXBuildFile; fileRef = A74DB80321D00FA50082D3AA /* InPlayer.swift */; };
		A74DB80C21D168440082D3AA /* Configuration.swift in Sources */ = {isa = PBXBuildFile; fileRef = A74DB80B21D168440082D3AA /* Configuration.swift */; };
		A7D265D021D172AA0050085D /* StringConstants.swift in Sources */ = {isa = PBXBuildFile; fileRef = A7D265CF21D172AA0050085D /* StringConstants.swift */; };
		A7D265D421D1737E0050085D /* UserDefaultsExt.swift in Sources */ = {isa = PBXBuildFile; fileRef = A7D265D321D1737E0050085D /* UserDefaultsExt.swift */; };
		A7D265D821D299230050085D /* INPAPIConfiguration.swift in Sources */ = {isa = PBXBuildFile; fileRef = A7D265D721D299230050085D /* INPAPIConfiguration.swift */; };
		A7D265DA21D29B230050085D /* NetworkConstants.swift in Sources */ = {isa = PBXBuildFile; fileRef = A7D265D921D29B230050085D /* NetworkConstants.swift */; };
		A7D265DC21D29F900050085D /* AccountAPIRouter.swift in Sources */ = {isa = PBXBuildFile; fileRef = A7D265DB21D29F900050085D /* AccountAPIRouter.swift */; };
		A7D265DE21D2A0310050085D /* Account.swift in Sources */ = {isa = PBXBuildFile; fileRef = A7D265DD21D2A0310050085D /* Account.swift */; };
		A7D265E121D2D5190050085D /* INPAccountModel.swift in Sources */ = {isa = PBXBuildFile; fileRef = A7D265E021D2D5190050085D /* INPAccountModel.swift */; };
		A7D265E321D2D6210050085D /* INPAuthorizationModel.swift in Sources */ = {isa = PBXBuildFile; fileRef = A7D265E221D2D6210050085D /* INPAuthorizationModel.swift */; };
		A7D265E521D2DB6D0050085D /* NetworkDataSource.swift in Sources */ = {isa = PBXBuildFile; fileRef = A7D265E421D2DB6D0050085D /* NetworkDataSource.swift */; };
		A7D265E921D4212E0050085D /* INPCredentials.swift in Sources */ = {isa = PBXBuildFile; fileRef = A7D265E821D4212E0050085D /* INPCredentials.swift */; };
		A7D265ED21D42A480050085D /* Date.swift in Sources */ = {isa = PBXBuildFile; fileRef = A7D265EC21D42A480050085D /* Date.swift */; };
		A7D265F021DE586A0050085D /* AssetAPIRouter.swift in Sources */ = {isa = PBXBuildFile; fileRef = A7D265EF21DE58690050085D /* AssetAPIRouter.swift */; };
		A7D265F221DE58740050085D /* Asset.swift in Sources */ = {isa = PBXBuildFile; fileRef = A7D265F121DE58740050085D /* Asset.swift */; };
		A7D265F421DE7DAD0050085D /* INPItemModel.swift in Sources */ = {isa = PBXBuildFile; fileRef = A7D265F321DE7DAC0050085D /* INPItemModel.swift */; };
		A7D265F621DE7E2B0050085D /* INPAccessFeeModel.swift in Sources */ = {isa = PBXBuildFile; fileRef = A7D265F521DE7E2B0050085D /* INPAccessFeeModel.swift */; };
		A7D265F821DE7E610050085D /* INPAccessTypeModel.swift in Sources */ = {isa = PBXBuildFile; fileRef = A7D265F721DE7E610050085D /* INPAccessTypeModel.swift */; };
		A7D265FA21DE7EB10050085D /* INPAccessControlTypeModel.swift in Sources */ = {isa = PBXBuildFile; fileRef = A7D265F921DE7EB10050085D /* INPAccessControlTypeModel.swift */; };
		A7D265FC21DE7F7E0050085D /* INPItemTypeModel.swift in Sources */ = {isa = PBXBuildFile; fileRef = A7D265FB21DE7F7E0050085D /* INPItemTypeModel.swift */; };
		A7D265FE21DE7FC70050085D /* INPItemMetahashModel.swift in Sources */ = {isa = PBXBuildFile; fileRef = A7D265FD21DE7FC70050085D /* INPItemMetahashModel.swift */; };
		A7D2660321DE80270050085D /* INPItemMetadataModel.swift in Sources */ = {isa = PBXBuildFile; fileRef = A7D2660221DE80270050085D /* INPItemMetadataModel.swift */; };
		A7D2660521DFD1310050085D /* INPItemAccessModel.swift in Sources */ = {isa = PBXBuildFile; fileRef = A7D2660421DFD1310050085D /* INPItemAccessModel.swift */; };
		A7D2660721E0F8820050085D /* InPlayerErrorMapper.swift in Sources */ = {isa = PBXBuildFile; fileRef = A7D2660621E0F8820050085D /* InPlayerErrorMapper.swift */; };
		A7D2660921E0FA400050085D /* InPlayerHttpError.swift in Sources */ = {isa = PBXBuildFile; fileRef = A7D2660821E0FA400050085D /* InPlayerHttpError.swift */; };
		A7D2661121E0FF650050085D /* InPlayerUnknownError.swift in Sources */ = {isa = PBXBuildFile; fileRef = A7D2661021E0FF650050085D /* InPlayerUnknownError.swift */; };
		A7D2661321E101600050085D /* InPlayerInvalidResponseError.swift in Sources */ = {isa = PBXBuildFile; fileRef = A7D2661221E101600050085D /* InPlayerInvalidResponseError.swift */; };
		A7D2661521E148D60050085D /* InPlayerMissigTokenError.swift in Sources */ = {isa = PBXBuildFile; fileRef = A7D2661421E148D60050085D /* InPlayerMissigTokenError.swift */; };
		A7D2661821E237FD0050085D /* INPAuthHandler.swift in Sources */ = {isa = PBXBuildFile; fileRef = A7D2661721E237FD0050085D /* INPAuthHandler.swift */; };
		A7D2661A21E2583B0050085D /* INPSessionManager.swift in Sources */ = {isa = PBXBuildFile; fileRef = A7D2661921E2583B0050085D /* INPSessionManager.swift */; };
		A7D2661C21E523630050085D /* INPTrialPeriodModel.swift in Sources */ = {isa = PBXBuildFile; fileRef = A7D2661B21E523630050085D /* INPTrialPeriodModel.swift */; };
		A7D2661E21E523860050085D /* INPSetupFeeModel.swift in Sources */ = {isa = PBXBuildFile; fileRef = A7D2661D21E523860050085D /* INPSetupFeeModel.swift */; };
		E4A087898FD13F8573C240E8 /* Pods_InPlayerSDKExample_iOSTests.framework in Frameworks */ = {isa = PBXBuildFile; fileRef = 3AD8D52E622099CC4DFC6D74 /* Pods_InPlayerSDKExample_iOSTests.framework */; };
/* End PBXBuildFile section */

/* Begin PBXContainerItemProxy section */
		A718C06621CED044004D7EF7 /* PBXContainerItemProxy */ = {
			isa = PBXContainerItemProxy;
			containerPortal = A718C04921CED043004D7EF7 /* Project object */;
			proxyType = 1;
			remoteGlobalIDString = A718C05021CED043004D7EF7;
			remoteInfo = "InPlayerSDKExample-iOS";
		};
/* End PBXContainerItemProxy section */

/* Begin PBXFileReference section */
		3AD8D52E622099CC4DFC6D74 /* Pods_InPlayerSDKExample_iOSTests.framework */ = {isa = PBXFileReference; explicitFileType = wrapper.framework; includeInIndex = 0; path = Pods_InPlayerSDKExample_iOSTests.framework; sourceTree = BUILT_PRODUCTS_DIR; };
		677D73AAA458E7684270D67D /* Pods-InPlayerSDKExample-iOS.debug.xcconfig */ = {isa = PBXFileReference; includeInIndex = 1; lastKnownFileType = text.xcconfig; name = "Pods-InPlayerSDKExample-iOS.debug.xcconfig"; path = "Pods/Target Support Files/Pods-InPlayerSDKExample-iOS/Pods-InPlayerSDKExample-iOS.debug.xcconfig"; sourceTree = "<group>"; };
		88F6C7EEFF9614377F0481B2 /* Pods-InPlayerSDKExample-iOSTests.debug.xcconfig */ = {isa = PBXFileReference; includeInIndex = 1; lastKnownFileType = text.xcconfig; name = "Pods-InPlayerSDKExample-iOSTests.debug.xcconfig"; path = "Pods/Target Support Files/Pods-InPlayerSDKExample-iOSTests/Pods-InPlayerSDKExample-iOSTests.debug.xcconfig"; sourceTree = "<group>"; };
		A718C05121CED043004D7EF7 /* InPlayerSDKExample-iOS.app */ = {isa = PBXFileReference; explicitFileType = wrapper.application; includeInIndex = 0; path = "InPlayerSDKExample-iOS.app"; sourceTree = BUILT_PRODUCTS_DIR; };
		A718C05421CED043004D7EF7 /* AppDelegate.swift */ = {isa = PBXFileReference; lastKnownFileType = sourcecode.swift; path = AppDelegate.swift; sourceTree = "<group>"; };
		A718C05E21CED044004D7EF7 /* Base */ = {isa = PBXFileReference; lastKnownFileType = file.storyboard; name = Base; path = Base.lproj/LaunchScreen.storyboard; sourceTree = "<group>"; };
		A718C06021CED044004D7EF7 /* Info.plist */ = {isa = PBXFileReference; lastKnownFileType = text.plist.xml; path = Info.plist; sourceTree = "<group>"; };
		A718C06521CED044004D7EF7 /* InPlayerSDKExample-iOSTests.xctest */ = {isa = PBXFileReference; explicitFileType = wrapper.cfbundle; includeInIndex = 0; path = "InPlayerSDKExample-iOSTests.xctest"; sourceTree = BUILT_PRODUCTS_DIR; };
		A718C06921CED044004D7EF7 /* InPlayerSDKExample_iOSTests.swift */ = {isa = PBXFileReference; lastKnownFileType = sourcecode.swift; path = InPlayerSDKExample_iOSTests.swift; sourceTree = "<group>"; };
		A718C06B21CED044004D7EF7 /* Info.plist */ = {isa = PBXFileReference; lastKnownFileType = text.plist.xml; path = Info.plist; sourceTree = "<group>"; };
		A74DB80321D00FA50082D3AA /* InPlayer.swift */ = {isa = PBXFileReference; lastKnownFileType = sourcecode.swift; path = InPlayer.swift; sourceTree = "<group>"; };
		A74DB80B21D168440082D3AA /* Configuration.swift */ = {isa = PBXFileReference; lastKnownFileType = sourcecode.swift; path = Configuration.swift; sourceTree = "<group>"; };
		A7D265CF21D172AA0050085D /* StringConstants.swift */ = {isa = PBXFileReference; lastKnownFileType = sourcecode.swift; path = StringConstants.swift; sourceTree = "<group>"; };
		A7D265D321D1737E0050085D /* UserDefaultsExt.swift */ = {isa = PBXFileReference; lastKnownFileType = sourcecode.swift; path = UserDefaultsExt.swift; sourceTree = "<group>"; };
		A7D265D721D299230050085D /* INPAPIConfiguration.swift */ = {isa = PBXFileReference; lastKnownFileType = sourcecode.swift; path = INPAPIConfiguration.swift; sourceTree = "<group>"; };
		A7D265D921D29B230050085D /* NetworkConstants.swift */ = {isa = PBXFileReference; lastKnownFileType = sourcecode.swift; path = NetworkConstants.swift; sourceTree = "<group>"; };
		A7D265DB21D29F900050085D /* AccountAPIRouter.swift */ = {isa = PBXFileReference; lastKnownFileType = sourcecode.swift; path = AccountAPIRouter.swift; sourceTree = "<group>"; };
		A7D265DD21D2A0310050085D /* Account.swift */ = {isa = PBXFileReference; lastKnownFileType = sourcecode.swift; path = Account.swift; sourceTree = "<group>"; };
		A7D265E021D2D5190050085D /* INPAccountModel.swift */ = {isa = PBXFileReference; lastKnownFileType = sourcecode.swift; path = INPAccountModel.swift; sourceTree = "<group>"; };
		A7D265E221D2D6210050085D /* INPAuthorizationModel.swift */ = {isa = PBXFileReference; lastKnownFileType = sourcecode.swift; path = INPAuthorizationModel.swift; sourceTree = "<group>"; };
		A7D265E421D2DB6D0050085D /* NetworkDataSource.swift */ = {isa = PBXFileReference; lastKnownFileType = sourcecode.swift; path = NetworkDataSource.swift; sourceTree = "<group>"; };
		A7D265E821D4212E0050085D /* INPCredentials.swift */ = {isa = PBXFileReference; lastKnownFileType = sourcecode.swift; path = INPCredentials.swift; sourceTree = "<group>"; };
		A7D265EC21D42A480050085D /* Date.swift */ = {isa = PBXFileReference; lastKnownFileType = sourcecode.swift; path = Date.swift; sourceTree = "<group>"; };
		A7D265EF21DE58690050085D /* AssetAPIRouter.swift */ = {isa = PBXFileReference; lastKnownFileType = sourcecode.swift; path = AssetAPIRouter.swift; sourceTree = "<group>"; };
		A7D265F121DE58740050085D /* Asset.swift */ = {isa = PBXFileReference; lastKnownFileType = sourcecode.swift; path = Asset.swift; sourceTree = "<group>"; };
		A7D265F321DE7DAC0050085D /* INPItemModel.swift */ = {isa = PBXFileReference; lastKnownFileType = sourcecode.swift; path = INPItemModel.swift; sourceTree = "<group>"; };
		A7D265F521DE7E2B0050085D /* INPAccessFeeModel.swift */ = {isa = PBXFileReference; lastKnownFileType = sourcecode.swift; path = INPAccessFeeModel.swift; sourceTree = "<group>"; };
		A7D265F721DE7E610050085D /* INPAccessTypeModel.swift */ = {isa = PBXFileReference; lastKnownFileType = sourcecode.swift; path = INPAccessTypeModel.swift; sourceTree = "<group>"; };
		A7D265F921DE7EB10050085D /* INPAccessControlTypeModel.swift */ = {isa = PBXFileReference; lastKnownFileType = sourcecode.swift; path = INPAccessControlTypeModel.swift; sourceTree = "<group>"; };
		A7D265FB21DE7F7E0050085D /* INPItemTypeModel.swift */ = {isa = PBXFileReference; lastKnownFileType = sourcecode.swift; path = INPItemTypeModel.swift; sourceTree = "<group>"; };
		A7D265FD21DE7FC70050085D /* INPItemMetahashModel.swift */ = {isa = PBXFileReference; lastKnownFileType = sourcecode.swift; path = INPItemMetahashModel.swift; sourceTree = "<group>"; };
		A7D2660221DE80270050085D /* INPItemMetadataModel.swift */ = {isa = PBXFileReference; lastKnownFileType = sourcecode.swift; path = INPItemMetadataModel.swift; sourceTree = "<group>"; };
		A7D2660421DFD1310050085D /* INPItemAccessModel.swift */ = {isa = PBXFileReference; lastKnownFileType = sourcecode.swift; path = INPItemAccessModel.swift; sourceTree = "<group>"; };
		A7D2660621E0F8820050085D /* InPlayerErrorMapper.swift */ = {isa = PBXFileReference; lastKnownFileType = sourcecode.swift; path = InPlayerErrorMapper.swift; sourceTree = "<group>"; };
		A7D2660821E0FA400050085D /* InPlayerHttpError.swift */ = {isa = PBXFileReference; lastKnownFileType = sourcecode.swift; path = InPlayerHttpError.swift; sourceTree = "<group>"; };
		A7D2661021E0FF650050085D /* InPlayerUnknownError.swift */ = {isa = PBXFileReference; lastKnownFileType = sourcecode.swift; path = InPlayerUnknownError.swift; sourceTree = "<group>"; };
		A7D2661221E101600050085D /* InPlayerInvalidResponseError.swift */ = {isa = PBXFileReference; lastKnownFileType = sourcecode.swift; path = InPlayerInvalidResponseError.swift; sourceTree = "<group>"; };
		A7D2661421E148D60050085D /* InPlayerMissigTokenError.swift */ = {isa = PBXFileReference; lastKnownFileType = sourcecode.swift; path = InPlayerMissigTokenError.swift; sourceTree = "<group>"; };
		A7D2661721E237FD0050085D /* INPAuthHandler.swift */ = {isa = PBXFileReference; lastKnownFileType = sourcecode.swift; path = INPAuthHandler.swift; sourceTree = "<group>"; };
		A7D2661921E2583B0050085D /* INPSessionManager.swift */ = {isa = PBXFileReference; lastKnownFileType = sourcecode.swift; path = INPSessionManager.swift; sourceTree = "<group>"; };
		A7D2661B21E523630050085D /* INPTrialPeriodModel.swift */ = {isa = PBXFileReference; lastKnownFileType = sourcecode.swift; path = INPTrialPeriodModel.swift; sourceTree = "<group>"; };
		A7D2661D21E523860050085D /* INPSetupFeeModel.swift */ = {isa = PBXFileReference; lastKnownFileType = sourcecode.swift; path = INPSetupFeeModel.swift; sourceTree = "<group>"; };
		C1A9CB5F02C275EDB11C5D73 /* Pods-InPlayerSDKExample-iOSTests.release.xcconfig */ = {isa = PBXFileReference; includeInIndex = 1; lastKnownFileType = text.xcconfig; name = "Pods-InPlayerSDKExample-iOSTests.release.xcconfig"; path = "Pods/Target Support Files/Pods-InPlayerSDKExample-iOSTests/Pods-InPlayerSDKExample-iOSTests.release.xcconfig"; sourceTree = "<group>"; };
		DD7BA6C78590054282C7C7E4 /* Pods_InPlayerSDKExample_iOS.framework */ = {isa = PBXFileReference; explicitFileType = wrapper.framework; includeInIndex = 0; path = Pods_InPlayerSDKExample_iOS.framework; sourceTree = BUILT_PRODUCTS_DIR; };
		F4A54D2FA744089C874FDD21 /* Pods-InPlayerSDKExample-iOS.release.xcconfig */ = {isa = PBXFileReference; includeInIndex = 1; lastKnownFileType = text.xcconfig; name = "Pods-InPlayerSDKExample-iOS.release.xcconfig"; path = "Pods/Target Support Files/Pods-InPlayerSDKExample-iOS/Pods-InPlayerSDKExample-iOS.release.xcconfig"; sourceTree = "<group>"; };
/* End PBXFileReference section */

/* Begin PBXFrameworksBuildPhase section */
		A718C04E21CED043004D7EF7 /* Frameworks */ = {
			isa = PBXFrameworksBuildPhase;
			buildActionMask = 2147483647;
			files = (
				3672123F5C723EAB28870A93 /* Pods_InPlayerSDKExample_iOS.framework in Frameworks */,
			);
			runOnlyForDeploymentPostprocessing = 0;
		};
		A718C06221CED044004D7EF7 /* Frameworks */ = {
			isa = PBXFrameworksBuildPhase;
			buildActionMask = 2147483647;
			files = (
				E4A087898FD13F8573C240E8 /* Pods_InPlayerSDKExample_iOSTests.framework in Frameworks */,
			);
			runOnlyForDeploymentPostprocessing = 0;
		};
/* End PBXFrameworksBuildPhase section */

/* Begin PBXGroup section */
		02D624F1225752C8974DC07F /* Pods */ = {
			isa = PBXGroup;
			children = (
				677D73AAA458E7684270D67D /* Pods-InPlayerSDKExample-iOS.debug.xcconfig */,
				F4A54D2FA744089C874FDD21 /* Pods-InPlayerSDKExample-iOS.release.xcconfig */,
				88F6C7EEFF9614377F0481B2 /* Pods-InPlayerSDKExample-iOSTests.debug.xcconfig */,
				C1A9CB5F02C275EDB11C5D73 /* Pods-InPlayerSDKExample-iOSTests.release.xcconfig */,
			);
			name = Pods;
			sourceTree = "<group>";
		};
		8521FDD7CC40C9ADB3434443 /* Frameworks */ = {
			isa = PBXGroup;
			children = (
				DD7BA6C78590054282C7C7E4 /* Pods_InPlayerSDKExample_iOS.framework */,
				3AD8D52E622099CC4DFC6D74 /* Pods_InPlayerSDKExample_iOSTests.framework */,
			);
			name = Frameworks;
			sourceTree = "<group>";
		};
		A718C04821CED043004D7EF7 = {
			isa = PBXGroup;
			children = (
				A718C09621CEDE6F004D7EF7 /* Sources */,
				A718C05321CED043004D7EF7 /* InPlayerSDKExample-iOS */,
				A718C06821CED044004D7EF7 /* InPlayerSDKExample-iOSTests */,
				A718C05221CED043004D7EF7 /* Products */,
				02D624F1225752C8974DC07F /* Pods */,
				8521FDD7CC40C9ADB3434443 /* Frameworks */,
			);
			sourceTree = "<group>";
		};
		A718C05221CED043004D7EF7 /* Products */ = {
			isa = PBXGroup;
			children = (
				A718C05121CED043004D7EF7 /* InPlayerSDKExample-iOS.app */,
				A718C06521CED044004D7EF7 /* InPlayerSDKExample-iOSTests.xctest */,
			);
			name = Products;
			sourceTree = "<group>";
		};
		A718C05321CED043004D7EF7 /* InPlayerSDKExample-iOS */ = {
			isa = PBXGroup;
			children = (
				A718C05421CED043004D7EF7 /* AppDelegate.swift */,
				A718C05D21CED044004D7EF7 /* LaunchScreen.storyboard */,
				A718C06021CED044004D7EF7 /* Info.plist */,
			);
			path = "InPlayerSDKExample-iOS";
			sourceTree = "<group>";
		};
		A718C06821CED044004D7EF7 /* InPlayerSDKExample-iOSTests */ = {
			isa = PBXGroup;
			children = (
				A718C06921CED044004D7EF7 /* InPlayerSDKExample_iOSTests.swift */,
				A718C06B21CED044004D7EF7 /* Info.plist */,
			);
			path = "InPlayerSDKExample-iOSTests";
			sourceTree = "<group>";
		};
		A718C09621CEDE6F004D7EF7 /* Sources */ = {
			isa = PBXGroup;
			children = (
				A718C09721CEDE6F004D7EF7 /* InPlayerSDK */,
			);
			name = Sources;
			path = ../Sources;
			sourceTree = "<group>";
		};
		A718C09721CEDE6F004D7EF7 /* InPlayerSDK */ = {
			isa = PBXGroup;
			children = (
				A74DB80321D00FA50082D3AA /* InPlayer.swift */,
				A7D265D121D1734B0050085D /* Core */,
				A74DB80921D165D80082D3AA /* Notification */,
				A74DB80821D165D00082D3AA /* Payment */,
			);
			path = InPlayerSDK;
			sourceTree = "<group>";
		};
		A74DB80521D165410082D3AA /* API */ = {
			isa = PBXGroup;
			children = (
				A7D2661921E2583B0050085D /* INPSessionManager.swift */,
				A7D2661721E237FD0050085D /* INPAuthHandler.swift */,
				A7D265DF21D2D4940050085D /* Models */,
				A7D265D721D299230050085D /* INPAPIConfiguration.swift */,
				A7D265E421D2DB6D0050085D /* NetworkDataSource.swift */,
				A7D265D921D29B230050085D /* NetworkConstants.swift */,
				A74DB80621D165B50082D3AA /* Account */,
				A74DB80721D165C30082D3AA /* Asset */,
				A7D2661621E14F060050085D /* Errors */,
			);
			path = API;
			sourceTree = "<group>";
		};
		A74DB80621D165B50082D3AA /* Account */ = {
			isa = PBXGroup;
			children = (
				A7D265DB21D29F900050085D /* AccountAPIRouter.swift */,
				A7D265DD21D2A0310050085D /* Account.swift */,
			);
			path = Account;
			sourceTree = "<group>";
		};
		A74DB80721D165C30082D3AA /* Asset */ = {
			isa = PBXGroup;
			children = (
				A7D265EF21DE58690050085D /* AssetAPIRouter.swift */,
				A7D265F121DE58740050085D /* Asset.swift */,
			);
			path = Asset;
			sourceTree = "<group>";
		};
		A74DB80821D165D00082D3AA /* Payment */ = {
			isa = PBXGroup;
			children = (
			);
			path = Payment;
			sourceTree = "<group>";
		};
		A74DB80921D165D80082D3AA /* Notification */ = {
			isa = PBXGroup;
			children = (
			);
			path = Notification;
			sourceTree = "<group>";
		};
		A74DB80A21D167790082D3AA /* Configuration */ = {
			isa = PBXGroup;
			children = (
				A74DB80B21D168440082D3AA /* Configuration.swift */,
			);
			path = Configuration;
			sourceTree = "<group>";
		};
		A7D265D121D1734B0050085D /* Core */ = {
			isa = PBXGroup;
			children = (
				A74DB80A21D167790082D3AA /* Configuration */,
				A74DB80521D165410082D3AA /* API */,
				A7D265D221D173660050085D /* Extensions */,
				A7D265CF21D172AA0050085D /* StringConstants.swift */,
			);
			path = Core;
			sourceTree = "<group>";
		};
		A7D265D221D173660050085D /* Extensions */ = {
			isa = PBXGroup;
			children = (
				A7D265D321D1737E0050085D /* UserDefaultsExt.swift */,
				A7D265EC21D42A480050085D /* Date.swift */,
			);
			path = Extensions;
			sourceTree = "<group>";
		};
		A7D265DF21D2D4940050085D /* Models */ = {
			isa = PBXGroup;
			children = (
				A7D2660021DE7FF20050085D /* Account */,
				A7D2660121DE80010050085D /* Asset */,
			);
			path = Models;
			sourceTree = "<group>";
		};
		A7D2660021DE7FF20050085D /* Account */ = {
			isa = PBXGroup;
			children = (
				A7D265E021D2D5190050085D /* INPAccountModel.swift */,
				A7D265E221D2D6210050085D /* INPAuthorizationModel.swift */,
				A7D265E821D4212E0050085D /* INPCredentials.swift */,
			);
			path = Account;
			sourceTree = "<group>";
		};
		A7D2660121DE80010050085D /* Asset */ = {
			isa = PBXGroup;
			children = (
				A7D265F321DE7DAC0050085D /* INPItemModel.swift */,
				A7D265F521DE7E2B0050085D /* INPAccessFeeModel.swift */,
				A7D265F721DE7E610050085D /* INPAccessTypeModel.swift */,
				A7D265F921DE7EB10050085D /* INPAccessControlTypeModel.swift */,
				A7D265FB21DE7F7E0050085D /* INPItemTypeModel.swift */,
				A7D265FD21DE7FC70050085D /* INPItemMetahashModel.swift */,
				A7D2660221DE80270050085D /* INPItemMetadataModel.swift */,
				A7D2660421DFD1310050085D /* INPItemAccessModel.swift */,
				A7D2661B21E523630050085D /* INPTrialPeriodModel.swift */,
				A7D2661D21E523860050085D /* INPSetupFeeModel.swift */,
			);
			path = Asset;
			sourceTree = "<group>";
		};
		A7D2661621E14F060050085D /* Errors */ = {
			isa = PBXGroup;
			children = (
				A7D2660621E0F8820050085D /* InPlayerErrorMapper.swift */,
				A7D2660821E0FA400050085D /* InPlayerHttpError.swift */,
				A7D2661021E0FF650050085D /* InPlayerUnknownError.swift */,
				A7D2661221E101600050085D /* InPlayerInvalidResponseError.swift */,
				A7D2661421E148D60050085D /* InPlayerMissigTokenError.swift */,
			);
			path = Errors;
			sourceTree = "<group>";
		};
/* End PBXGroup section */

/* Begin PBXNativeTarget section */
		A718C05021CED043004D7EF7 /* InPlayerSDKExample-iOS */ = {
			isa = PBXNativeTarget;
			buildConfigurationList = A718C06E21CED044004D7EF7 /* Build configuration list for PBXNativeTarget "InPlayerSDKExample-iOS" */;
			buildPhases = (
				DD4DB78B2B6B501C59638458 /* [CP] Check Pods Manifest.lock */,
				A718C04D21CED043004D7EF7 /* Sources */,
				A718C04E21CED043004D7EF7 /* Frameworks */,
				A718C04F21CED043004D7EF7 /* Resources */,
				8A7CA637B4444813DB489E3F /* [CP] Embed Pods Frameworks */,
			);
			buildRules = (
			);
			dependencies = (
			);
			name = "InPlayerSDKExample-iOS";
			productName = "InPlayerSDKExample-iOS";
			productReference = A718C05121CED043004D7EF7 /* InPlayerSDKExample-iOS.app */;
			productType = "com.apple.product-type.application";
		};
		A718C06421CED044004D7EF7 /* InPlayerSDKExample-iOSTests */ = {
			isa = PBXNativeTarget;
			buildConfigurationList = A718C07121CED044004D7EF7 /* Build configuration list for PBXNativeTarget "InPlayerSDKExample-iOSTests" */;
			buildPhases = (
				B01273EF2AB61D269477AC50 /* [CP] Check Pods Manifest.lock */,
				A718C06121CED044004D7EF7 /* Sources */,
				A718C06221CED044004D7EF7 /* Frameworks */,
				A718C06321CED044004D7EF7 /* Resources */,
			);
			buildRules = (
			);
			dependencies = (
				A718C06721CED044004D7EF7 /* PBXTargetDependency */,
			);
			name = "InPlayerSDKExample-iOSTests";
			productName = "InPlayerSDKExample-iOSTests";
			productReference = A718C06521CED044004D7EF7 /* InPlayerSDKExample-iOSTests.xctest */;
			productType = "com.apple.product-type.bundle.unit-test";
		};
/* End PBXNativeTarget section */

/* Begin PBXProject section */
		A718C04921CED043004D7EF7 /* Project object */ = {
			isa = PBXProject;
			attributes = {
				LastSwiftUpdateCheck = 1010;
				LastUpgradeCheck = 1010;
				ORGANIZATIONNAME = "Oliver Dimitrov";
				TargetAttributes = {
					A718C05021CED043004D7EF7 = {
						CreatedOnToolsVersion = 10.1;
					};
					A718C06421CED044004D7EF7 = {
						CreatedOnToolsVersion = 10.1;
						TestTargetID = A718C05021CED043004D7EF7;
					};
				};
			};
			buildConfigurationList = A718C04C21CED043004D7EF7 /* Build configuration list for PBXProject "InPlayerSDKExample-iOS" */;
			compatibilityVersion = "Xcode 9.3";
			developmentRegion = en;
			hasScannedForEncodings = 0;
			knownRegions = (
				en,
				Base,
			);
			mainGroup = A718C04821CED043004D7EF7;
			productRefGroup = A718C05221CED043004D7EF7 /* Products */;
			projectDirPath = "";
			projectRoot = "";
			targets = (
				A718C05021CED043004D7EF7 /* InPlayerSDKExample-iOS */,
				A718C06421CED044004D7EF7 /* InPlayerSDKExample-iOSTests */,
			);
		};
/* End PBXProject section */

/* Begin PBXResourcesBuildPhase section */
		A718C04F21CED043004D7EF7 /* Resources */ = {
			isa = PBXResourcesBuildPhase;
			buildActionMask = 2147483647;
			files = (
				A718C05F21CED044004D7EF7 /* LaunchScreen.storyboard in Resources */,
			);
			runOnlyForDeploymentPostprocessing = 0;
		};
		A718C06321CED044004D7EF7 /* Resources */ = {
			isa = PBXResourcesBuildPhase;
			buildActionMask = 2147483647;
			files = (
			);
			runOnlyForDeploymentPostprocessing = 0;
		};
/* End PBXResourcesBuildPhase section */

/* Begin PBXShellScriptBuildPhase section */
		8A7CA637B4444813DB489E3F /* [CP] Embed Pods Frameworks */ = {
			isa = PBXShellScriptBuildPhase;
			buildActionMask = 2147483647;
			files = (
			);
			inputPaths = (
				"${SRCROOT}/Pods/Target Support Files/Pods-InPlayerSDKExample-iOS/Pods-InPlayerSDKExample-iOS-frameworks.sh",
				"${BUILT_PRODUCTS_DIR}/Alamofire/Alamofire.framework",
				"${BUILT_PRODUCTS_DIR}/SwiftKeychainWrapper/SwiftKeychainWrapper.framework",
			);
			name = "[CP] Embed Pods Frameworks";
			outputPaths = (
				"${TARGET_BUILD_DIR}/${FRAMEWORKS_FOLDER_PATH}/Alamofire.framework",
				"${TARGET_BUILD_DIR}/${FRAMEWORKS_FOLDER_PATH}/SwiftKeychainWrapper.framework",
			);
			runOnlyForDeploymentPostprocessing = 0;
			shellPath = /bin/sh;
			shellScript = "\"${SRCROOT}/Pods/Target Support Files/Pods-InPlayerSDKExample-iOS/Pods-InPlayerSDKExample-iOS-frameworks.sh\"\n";
			showEnvVarsInLog = 0;
		};
		B01273EF2AB61D269477AC50 /* [CP] Check Pods Manifest.lock */ = {
			isa = PBXShellScriptBuildPhase;
			buildActionMask = 2147483647;
			files = (
			);
			inputPaths = (
				"${PODS_PODFILE_DIR_PATH}/Podfile.lock",
				"${PODS_ROOT}/Manifest.lock",
			);
			name = "[CP] Check Pods Manifest.lock";
			outputPaths = (
				"$(DERIVED_FILE_DIR)/Pods-InPlayerSDKExample-iOSTests-checkManifestLockResult.txt",
			);
			runOnlyForDeploymentPostprocessing = 0;
			shellPath = /bin/sh;
			shellScript = "diff \"${PODS_PODFILE_DIR_PATH}/Podfile.lock\" \"${PODS_ROOT}/Manifest.lock\" > /dev/null\nif [ $? != 0 ] ; then\n    # print error to STDERR\n    echo \"error: The sandbox is not in sync with the Podfile.lock. Run 'pod install' or update your CocoaPods installation.\" >&2\n    exit 1\nfi\n# This output is used by Xcode 'outputs' to avoid re-running this script phase.\necho \"SUCCESS\" > \"${SCRIPT_OUTPUT_FILE_0}\"\n";
			showEnvVarsInLog = 0;
		};
		DD4DB78B2B6B501C59638458 /* [CP] Check Pods Manifest.lock */ = {
			isa = PBXShellScriptBuildPhase;
			buildActionMask = 2147483647;
			files = (
			);
			inputPaths = (
				"${PODS_PODFILE_DIR_PATH}/Podfile.lock",
				"${PODS_ROOT}/Manifest.lock",
			);
			name = "[CP] Check Pods Manifest.lock";
			outputPaths = (
				"$(DERIVED_FILE_DIR)/Pods-InPlayerSDKExample-iOS-checkManifestLockResult.txt",
			);
			runOnlyForDeploymentPostprocessing = 0;
			shellPath = /bin/sh;
			shellScript = "diff \"${PODS_PODFILE_DIR_PATH}/Podfile.lock\" \"${PODS_ROOT}/Manifest.lock\" > /dev/null\nif [ $? != 0 ] ; then\n    # print error to STDERR\n    echo \"error: The sandbox is not in sync with the Podfile.lock. Run 'pod install' or update your CocoaPods installation.\" >&2\n    exit 1\nfi\n# This output is used by Xcode 'outputs' to avoid re-running this script phase.\necho \"SUCCESS\" > \"${SCRIPT_OUTPUT_FILE_0}\"\n";
			showEnvVarsInLog = 0;
		};
/* End PBXShellScriptBuildPhase section */

/* Begin PBXSourcesBuildPhase section */
		A718C04D21CED043004D7EF7 /* Sources */ = {
			isa = PBXSourcesBuildPhase;
			buildActionMask = 2147483647;
			files = (
				A7D265F021DE586A0050085D /* AssetAPIRouter.swift in Sources */,
				A7D265DA21D29B230050085D /* NetworkConstants.swift in Sources */,
				A7D265ED21D42A480050085D /* Date.swift in Sources */,
				A7D265F821DE7E610050085D /* INPAccessTypeModel.swift in Sources */,
				A7D2661821E237FD0050085D /* INPAuthHandler.swift in Sources */,
				A7D2661121E0FF650050085D /* InPlayerUnknownError.swift in Sources */,
				A7D265DC21D29F900050085D /* AccountAPIRouter.swift in Sources */,
				A7D265FC21DE7F7E0050085D /* INPItemTypeModel.swift in Sources */,
				A7D2660321DE80270050085D /* INPItemMetadataModel.swift in Sources */,
				A7D2661A21E2583B0050085D /* INPSessionManager.swift in Sources */,
				A7D265DE21D2A0310050085D /* Account.swift in Sources */,
				A7D2661C21E523630050085D /* INPTrialPeriodModel.swift in Sources */,
				A7D265FE21DE7FC70050085D /* INPItemMetahashModel.swift in Sources */,
				A7D265D421D1737E0050085D /* UserDefaultsExt.swift in Sources */,
				A7D265FA21DE7EB10050085D /* INPAccessControlTypeModel.swift in Sources */,
				A7D2661E21E523860050085D /* INPSetupFeeModel.swift in Sources */,
				A7D265F221DE58740050085D /* Asset.swift in Sources */,
				A7D265D821D299230050085D /* INPAPIConfiguration.swift in Sources */,
				A718C05521CED043004D7EF7 /* AppDelegate.swift in Sources */,
				A74DB80C21D168440082D3AA /* Configuration.swift in Sources */,
				A7D265E521D2DB6D0050085D /* NetworkDataSource.swift in Sources */,
				A7D265E921D4212E0050085D /* INPCredentials.swift in Sources */,
				A7D265E121D2D5190050085D /* INPAccountModel.swift in Sources */,
				A7D2661521E148D60050085D /* InPlayerMissigTokenError.swift in Sources */,
				A7D265D021D172AA0050085D /* StringConstants.swift in Sources */,
				A7D265F421DE7DAD0050085D /* INPItemModel.swift in Sources */,
				A7D2660921E0FA400050085D /* InPlayerHttpError.swift in Sources */,
				A7D2660521DFD1310050085D /* INPItemAccessModel.swift in Sources */,
				A7D265F621DE7E2B0050085D /* INPAccessFeeModel.swift in Sources */,
				A7D2660721E0F8820050085D /* InPlayerErrorMapper.swift in Sources */,
				A7D2661321E101600050085D /* InPlayerInvalidResponseError.swift in Sources */,
				A7D265E321D2D6210050085D /* INPAuthorizationModel.swift in Sources */,
				A74DB80421D00FA50082D3AA /* InPlayer.swift in Sources */,
			);
			runOnlyForDeploymentPostprocessing = 0;
		};
		A718C06121CED044004D7EF7 /* Sources */ = {
			isa = PBXSourcesBuildPhase;
			buildActionMask = 2147483647;
			files = (
				A718C06A21CED044004D7EF7 /* InPlayerSDKExample_iOSTests.swift in Sources */,
			);
			runOnlyForDeploymentPostprocessing = 0;
		};
/* End PBXSourcesBuildPhase section */

/* Begin PBXTargetDependency section */
		A718C06721CED044004D7EF7 /* PBXTargetDependency */ = {
			isa = PBXTargetDependency;
			target = A718C05021CED043004D7EF7 /* InPlayerSDKExample-iOS */;
			targetProxy = A718C06621CED044004D7EF7 /* PBXContainerItemProxy */;
		};
/* End PBXTargetDependency section */

/* Begin PBXVariantGroup section */
		A718C05D21CED044004D7EF7 /* LaunchScreen.storyboard */ = {
			isa = PBXVariantGroup;
			children = (
				A718C05E21CED044004D7EF7 /* Base */,
			);
			name = LaunchScreen.storyboard;
			sourceTree = "<group>";
		};
/* End PBXVariantGroup section */

/* Begin XCBuildConfiguration section */
		A718C06C21CED044004D7EF7 /* Debug */ = {
			isa = XCBuildConfiguration;
			buildSettings = {
				ALWAYS_SEARCH_USER_PATHS = NO;
				CLANG_ANALYZER_NONNULL = YES;
				CLANG_ANALYZER_NUMBER_OBJECT_CONVERSION = YES_AGGRESSIVE;
				CLANG_CXX_LANGUAGE_STANDARD = "gnu++14";
				CLANG_CXX_LIBRARY = "libc++";
				CLANG_ENABLE_MODULES = YES;
				CLANG_ENABLE_OBJC_ARC = YES;
				CLANG_ENABLE_OBJC_WEAK = YES;
				CLANG_WARN_BLOCK_CAPTURE_AUTORELEASING = YES;
				CLANG_WARN_BOOL_CONVERSION = YES;
				CLANG_WARN_COMMA = YES;
				CLANG_WARN_CONSTANT_CONVERSION = YES;
				CLANG_WARN_DEPRECATED_OBJC_IMPLEMENTATIONS = YES;
				CLANG_WARN_DIRECT_OBJC_ISA_USAGE = YES_ERROR;
				CLANG_WARN_DOCUMENTATION_COMMENTS = YES;
				CLANG_WARN_EMPTY_BODY = YES;
				CLANG_WARN_ENUM_CONVERSION = YES;
				CLANG_WARN_INFINITE_RECURSION = YES;
				CLANG_WARN_INT_CONVERSION = YES;
				CLANG_WARN_NON_LITERAL_NULL_CONVERSION = YES;
				CLANG_WARN_OBJC_IMPLICIT_RETAIN_SELF = YES;
				CLANG_WARN_OBJC_LITERAL_CONVERSION = YES;
				CLANG_WARN_OBJC_ROOT_CLASS = YES_ERROR;
				CLANG_WARN_RANGE_LOOP_ANALYSIS = YES;
				CLANG_WARN_STRICT_PROTOTYPES = YES;
				CLANG_WARN_SUSPICIOUS_MOVE = YES;
				CLANG_WARN_UNGUARDED_AVAILABILITY = YES_AGGRESSIVE;
				CLANG_WARN_UNREACHABLE_CODE = YES;
				CLANG_WARN__DUPLICATE_METHOD_MATCH = YES;
				CODE_SIGN_IDENTITY = "iPhone Developer";
				COPY_PHASE_STRIP = NO;
				DEBUG_INFORMATION_FORMAT = dwarf;
				ENABLE_STRICT_OBJC_MSGSEND = YES;
				ENABLE_TESTABILITY = YES;
				GCC_C_LANGUAGE_STANDARD = gnu11;
				GCC_DYNAMIC_NO_PIC = NO;
				GCC_NO_COMMON_BLOCKS = YES;
				GCC_OPTIMIZATION_LEVEL = 0;
				GCC_PREPROCESSOR_DEFINITIONS = (
					"DEBUG=1",
					"$(inherited)",
				);
				GCC_WARN_64_TO_32_BIT_CONVERSION = YES;
				GCC_WARN_ABOUT_RETURN_TYPE = YES_ERROR;
				GCC_WARN_UNDECLARED_SELECTOR = YES;
				GCC_WARN_UNINITIALIZED_AUTOS = YES_AGGRESSIVE;
				GCC_WARN_UNUSED_FUNCTION = YES;
				GCC_WARN_UNUSED_VARIABLE = YES;
				IPHONEOS_DEPLOYMENT_TARGET = 12.1;
				MTL_ENABLE_DEBUG_INFO = INCLUDE_SOURCE;
				MTL_FAST_MATH = YES;
				ONLY_ACTIVE_ARCH = YES;
				SDKROOT = iphoneos;
				SWIFT_ACTIVE_COMPILATION_CONDITIONS = DEBUG;
				SWIFT_OPTIMIZATION_LEVEL = "-Onone";
			};
			name = Debug;
		};
		A718C06D21CED044004D7EF7 /* Release */ = {
			isa = XCBuildConfiguration;
			buildSettings = {
				ALWAYS_SEARCH_USER_PATHS = NO;
				CLANG_ANALYZER_NONNULL = YES;
				CLANG_ANALYZER_NUMBER_OBJECT_CONVERSION = YES_AGGRESSIVE;
				CLANG_CXX_LANGUAGE_STANDARD = "gnu++14";
				CLANG_CXX_LIBRARY = "libc++";
				CLANG_ENABLE_MODULES = YES;
				CLANG_ENABLE_OBJC_ARC = YES;
				CLANG_ENABLE_OBJC_WEAK = YES;
				CLANG_WARN_BLOCK_CAPTURE_AUTORELEASING = YES;
				CLANG_WARN_BOOL_CONVERSION = YES;
				CLANG_WARN_COMMA = YES;
				CLANG_WARN_CONSTANT_CONVERSION = YES;
				CLANG_WARN_DEPRECATED_OBJC_IMPLEMENTATIONS = YES;
				CLANG_WARN_DIRECT_OBJC_ISA_USAGE = YES_ERROR;
				CLANG_WARN_DOCUMENTATION_COMMENTS = YES;
				CLANG_WARN_EMPTY_BODY = YES;
				CLANG_WARN_ENUM_CONVERSION = YES;
				CLANG_WARN_INFINITE_RECURSION = YES;
				CLANG_WARN_INT_CONVERSION = YES;
				CLANG_WARN_NON_LITERAL_NULL_CONVERSION = YES;
				CLANG_WARN_OBJC_IMPLICIT_RETAIN_SELF = YES;
				CLANG_WARN_OBJC_LITERAL_CONVERSION = YES;
				CLANG_WARN_OBJC_ROOT_CLASS = YES_ERROR;
				CLANG_WARN_RANGE_LOOP_ANALYSIS = YES;
				CLANG_WARN_STRICT_PROTOTYPES = YES;
				CLANG_WARN_SUSPICIOUS_MOVE = YES;
				CLANG_WARN_UNGUARDED_AVAILABILITY = YES_AGGRESSIVE;
				CLANG_WARN_UNREACHABLE_CODE = YES;
				CLANG_WARN__DUPLICATE_METHOD_MATCH = YES;
				CODE_SIGN_IDENTITY = "iPhone Developer";
				COPY_PHASE_STRIP = NO;
				DEBUG_INFORMATION_FORMAT = "dwarf-with-dsym";
				ENABLE_NS_ASSERTIONS = NO;
				ENABLE_STRICT_OBJC_MSGSEND = YES;
				GCC_C_LANGUAGE_STANDARD = gnu11;
				GCC_NO_COMMON_BLOCKS = YES;
				GCC_WARN_64_TO_32_BIT_CONVERSION = YES;
				GCC_WARN_ABOUT_RETURN_TYPE = YES_ERROR;
				GCC_WARN_UNDECLARED_SELECTOR = YES;
				GCC_WARN_UNINITIALIZED_AUTOS = YES_AGGRESSIVE;
				GCC_WARN_UNUSED_FUNCTION = YES;
				GCC_WARN_UNUSED_VARIABLE = YES;
				IPHONEOS_DEPLOYMENT_TARGET = 12.1;
				MTL_ENABLE_DEBUG_INFO = NO;
				MTL_FAST_MATH = YES;
				SDKROOT = iphoneos;
				SWIFT_COMPILATION_MODE = wholemodule;
				SWIFT_OPTIMIZATION_LEVEL = "-O";
				VALIDATE_PRODUCT = YES;
			};
			name = Release;
		};
		A718C06F21CED044004D7EF7 /* Debug */ = {
			isa = XCBuildConfiguration;
			baseConfigurationReference = 677D73AAA458E7684270D67D /* Pods-InPlayerSDKExample-iOS.debug.xcconfig */;
			buildSettings = {
				ASSETCATALOG_COMPILER_APPICON_NAME = AppIcon;
				CODE_SIGN_STYLE = Automatic;
				INFOPLIST_FILE = "InPlayerSDKExample-iOS/Info.plist";
				LD_RUNPATH_SEARCH_PATHS = (
					"$(inherited)",
					"@executable_path/Frameworks",
				);
				PRODUCT_BUNDLE_IDENTIFIER = "com.inplayer.InPlayerSDKExample-iOS";
				PRODUCT_NAME = "$(TARGET_NAME)";
				SWIFT_VERSION = 4.2;
				TARGETED_DEVICE_FAMILY = "1,2";
			};
			name = Debug;
		};
		A718C07021CED044004D7EF7 /* Release */ = {
			isa = XCBuildConfiguration;
			baseConfigurationReference = F4A54D2FA744089C874FDD21 /* Pods-InPlayerSDKExample-iOS.release.xcconfig */;
			buildSettings = {
				ASSETCATALOG_COMPILER_APPICON_NAME = AppIcon;
				CODE_SIGN_STYLE = Automatic;
				INFOPLIST_FILE = "InPlayerSDKExample-iOS/Info.plist";
				LD_RUNPATH_SEARCH_PATHS = (
					"$(inherited)",
					"@executable_path/Frameworks",
				);
				PRODUCT_BUNDLE_IDENTIFIER = "com.inplayer.InPlayerSDKExample-iOS";
				PRODUCT_NAME = "$(TARGET_NAME)";
				SWIFT_VERSION = 4.2;
				TARGETED_DEVICE_FAMILY = "1,2";
			};
			name = Release;
		};
		A718C07221CED044004D7EF7 /* Debug */ = {
			isa = XCBuildConfiguration;
			baseConfigurationReference = 88F6C7EEFF9614377F0481B2 /* Pods-InPlayerSDKExample-iOSTests.debug.xcconfig */;
			buildSettings = {
				ALWAYS_EMBED_SWIFT_STANDARD_LIBRARIES = YES;
				BUNDLE_LOADER = "$(TEST_HOST)";
				CODE_SIGN_STYLE = Automatic;
				INFOPLIST_FILE = "InPlayerSDKExample-iOSTests/Info.plist";
				LD_RUNPATH_SEARCH_PATHS = (
					"$(inherited)",
					"@executable_path/Frameworks",
					"@loader_path/Frameworks",
				);
				PRODUCT_BUNDLE_IDENTIFIER = "com.inplayer.InPlayerSDKExample-iOSTests";
				PRODUCT_NAME = "$(TARGET_NAME)";
				SWIFT_VERSION = 4.2;
				TARGETED_DEVICE_FAMILY = "1,2";
				TEST_HOST = "$(BUILT_PRODUCTS_DIR)/InPlayerSDKExample-iOS.app/InPlayerSDKExample-iOS";
			};
			name = Debug;
		};
		A718C07321CED044004D7EF7 /* Release */ = {
			isa = XCBuildConfiguration;
			baseConfigurationReference = C1A9CB5F02C275EDB11C5D73 /* Pods-InPlayerSDKExample-iOSTests.release.xcconfig */;
			buildSettings = {
				ALWAYS_EMBED_SWIFT_STANDARD_LIBRARIES = YES;
				BUNDLE_LOADER = "$(TEST_HOST)";
				CODE_SIGN_STYLE = Automatic;
				INFOPLIST_FILE = "InPlayerSDKExample-iOSTests/Info.plist";
				LD_RUNPATH_SEARCH_PATHS = (
					"$(inherited)",
					"@executable_path/Frameworks",
					"@loader_path/Frameworks",
				);
				PRODUCT_BUNDLE_IDENTIFIER = "com.inplayer.InPlayerSDKExample-iOSTests";
				PRODUCT_NAME = "$(TARGET_NAME)";
				SWIFT_VERSION = 4.2;
				TARGETED_DEVICE_FAMILY = "1,2";
				TEST_HOST = "$(BUILT_PRODUCTS_DIR)/InPlayerSDKExample-iOS.app/InPlayerSDKExample-iOS";
			};
			name = Release;
		};
/* End XCBuildConfiguration section */

/* Begin XCConfigurationList section */
		A718C04C21CED043004D7EF7 /* Build configuration list for PBXProject "InPlayerSDKExample-iOS" */ = {
			isa = XCConfigurationList;
			buildConfigurations = (
				A718C06C21CED044004D7EF7 /* Debug */,
				A718C06D21CED044004D7EF7 /* Release */,
			);
			defaultConfigurationIsVisible = 0;
			defaultConfigurationName = Release;
		};
		A718C06E21CED044004D7EF7 /* Build configuration list for PBXNativeTarget "InPlayerSDKExample-iOS" */ = {
			isa = XCConfigurationList;
			buildConfigurations = (
				A718C06F21CED044004D7EF7 /* Debug */,
				A718C07021CED044004D7EF7 /* Release */,
			);
			defaultConfigurationIsVisible = 0;
			defaultConfigurationName = Release;
		};
		A718C07121CED044004D7EF7 /* Build configuration list for PBXNativeTarget "InPlayerSDKExample-iOSTests" */ = {
			isa = XCConfigurationList;
			buildConfigurations = (
				A718C07221CED044004D7EF7 /* Debug */,
				A718C07321CED044004D7EF7 /* Release */,
			);
			defaultConfigurationIsVisible = 0;
			defaultConfigurationName = Release;
		};
/* End XCConfigurationList section */
	};
	rootObject = A718C04921CED043004D7EF7 /* Project object */;
}
